{
  "lockfile_version": "1",
  "packages": {
    "antigen@latest": {
      "last_modified": "2026-04-23T13:07:47Z",
      "resolved": "github:NixOS/nixpkgs/01fbdeef22b76df85ea168fbfe1bfd9e63681b30#antigen",
      "source": "devbox-search",
      "version": "2.2.3",
      "systems": {
        "aarch64-darwin": {
          "outputs": [
            {
              "name": "out",
              "path": "/nix/store/b17f3pgjl5n15yxvlqsfnigczr8s4pg3-antigen-2.2.3",
              "default": true
            }
          ],
          "store_path": "/nix/store/b17f3pgjl5n15yxvlqsfnigczr8s4pg3-antigen-2.2.3"
        },
        "aarch64-linux": {
          "outputs": [
            {
              "name": "out",
              "path": "/nix/store/nypgd5z9fm452i6g2fa2670mcph7mv95-antigen-2.2.3",
              "default": true
            }
          ],
          "store_path": "/nix/store/nypgd5z9fm452i6g2fa2670mcph7mv95-antigen-2.2.3"
        },
        "x86_64-darwin": {
          "outputs": [
            {
              "name": "out",
              "path": "/nix/store/biyj4issffhxwszax8fw1hvc3nz8qg07-antigen-2.2.3",
              "default": true
            }
          ],
          "store_path": "/nix/store/biyj4issffhxwszax8fw1hvc3nz8qg07-antigen-2.2.3"
        },
        "x86_64-linux": {
          "outputs": [
            {
              "name": "out",
              "path": "/nix/store/g4ikvw57apgd2cp89zd496irrq768fiq-antigen-2.2.3",
              "default": true
            }
          ],
          "store_path": "/nix/store/g4ikvw57apgd2cp89zd496irrq768fiq-antigen-2.2.3"
        }
      }
    },
    "bat@latest": {
      "last_modified": "2026-04-23T13:07:47Z",
      "resolved": "github:NixOS/nixpkgs/01fbdeef22b76df85ea168fbfe1bfd9e63681b30#bat",
      "source": "devbox-search",
      "version": "0.26.1",
      "systems": {
        "aarch64-darwin": {
          "outputs": [
            {
              "name": "out",
              "path": "/nix/store/gh11l9hzjlhs72slb4p34i3rn7rx1m39-bat-0.26.1",
              "default": true
            }
          ],
          "store_path": "/nix/store/gh11l9hzjlhs72slb4p34i3rn7rx1m39-bat-0.26.1"
        },
        "aarch64-linux": {
          "outputs": [
            {
              "name": "out",
              "path": "/nix/store/ibqqqc405m463kk5g1ys66h4dzhaa481-bat-0.26.1",
              "default": true
            }
          ],
          "store_path": "/nix/store/ibqqqc405m463kk5g1ys66h4dzhaa481-bat-0.26.1"
        },
        "x86_64-darwin": {
          "outputs": [
            {
              "name": "out",
              "path": "/nix/store/8j4afzyp85775p864ax2jblgwkbjqvw6-bat-0.26.1",
              "default": true
            }
          ],
          "store_path": "/nix/store/8j4afzyp85775p864ax2jblgwkbjqvw6-bat-0.26.1"
        },
        "x86_64-linux": {
          "outputs": [
            {
              "name": "out",
              "path": "/nix/store/s63r3nfiy3gni9ikx2ka7cwl5hz8imzi-bat-0.26.1",
              "default": true
            }
          ],
          "store_path": "/nix/store/s63r3nfiy3gni9ikx2ka7cwl5hz8imzi-bat-0.26.1"
        }
      }
    },
    "bun@latest": {
      "last_modified": "2026-05-03T16:35:46Z",
      "resolved": "github:NixOS/nixpkgs/73c703c22422b8951895a960959dbbaca7296492#bun",
      "source": "devbox-search",
      "version": "1.3.13",
      "systems": {
        "aarch64-darwin": {
          "outputs": [
            {
              "name": "out",
              "path": "/nix/store/i4rqz2p2bayrl6pv9l36y4fzhqx7k1zv-bun-1.3.13",
              "default": true
            }
          ],
          "store_path": "/nix/store/i4rqz2p2bayrl6pv9l36y4fzhqx7k1zv-bun-1.3.13"
        },
        "aarch64-linux": {
          "outputs": [
            {
              "name": "out",
              "path": "/nix/store/1q2xsp98qhjy6rsz3nga795c3mgsjhia-bun-1.3.13",
              "default": true
            }
          ],
          "store_path": "/nix/store/1q2xsp98qhjy6rsz3nga795c3mgsjhia-bun-1.3.13"
        },
        "x86_64-darwin": {
          "outputs": [
            {
              "name": "out",
              "path": "/nix/store/31jsiwr1nq8pi4jvyjpq0zi28a4fyay0-bun-1.3.13",
              "default": true
            }
          ],
          "store_path": "/nix/store/31jsiwr1nq8pi4jvyjpq0zi28a4fyay0-bun-1.3.13"
        },
        "x86_64-linux": {
          "outputs": [
            {
              "name": "out",
              "path": "/nix/store/g0zlmqvkvn41xqva3460jfzpazivywvi-bun-1.3.13",
              "default": true
            }
          ],
          "store_path": "/nix/store/g0zlmqvkvn41xqva3460jfzpazivywvi-bun-1.3.13"
        }
      }
    },
    "claude-code@latest": {
      "last_modified": "2026-05-15T18:21:44Z",
      "resolved": "github:NixOS/nixpkgs/d233902339c02a9c334e7e593de68855ad26c4cb#claude-code",
      "source": "devbox-search",
      "version": "2.1.141",
      "systems": {
        "aarch64-darwin": {
          "outputs": [
            {
              "name": "out",
              "path": "/nix/store/gb1c61q8d4hl3i2d11ymfplwkhzsynbw-claude-code-2.1.141",
              "default": true
            }
          ],
          "store_path": "/nix/store/gb1c61q8d4hl3i2d11ymfplwkhzsynbw-claude-code-2.1.141"
        },
        "aarch64-linux": {
          "outputs": [
            {
              "name": "out",
              "path": "/nix/store/f1x1z4aswxy77kxr0xqs802qcqwj1ysq-claude-code-2.1.141",
              "default": true
            }
          ],
          "store_path": "/nix/store/f1x1z4aswxy77kxr0xqs802qcqwj1ysq-claude-code-2.1.141"
        },
        "x86_64-darwin": {
          "outputs": [
            {
              "name": "out",
              "path": "/nix/store/52a2b332fsb2nd9bhqrz4hcbvj5ssrqw-claude-code-2.1.141",
              "default": true
            }
          ],
          "store_path": "/nix/store/52a2b332fsb2nd9bhqrz4hcbvj5ssrqw-claude-code-2.1.141"
        },
        "x86_64-linux": {
          "outputs": [
            {
              "name": "out",
              "path": "/nix/store/lfwc0k70hjnl007xi7fn8fv8xi2alfz4-claude-code-2.1.141",
              "default": true
            }
          ],
          "store_path": "/nix/store/lfwc0k70hjnl007xi7fn8fv8xi2alfz4-claude-code-2.1.141"
        }
      }
    },
    "codex@latest": {
      "last_modified": "2026-05-11T00:16:55Z",
      "resolved": "github:NixOS/nixpkgs/c6e5ca3c836a5f4dd9af9f2c1fc1c38f0fac988a#codex",
      "source": "devbox-search",
      "version": "0.130.0",
      "systems": {
        "aarch64-darwin": {
          "outputs": [
            {
              "name": "out",
              "path": "/nix/store/8m75vib452lyf4qkap7fhpffc5nldgl2-codex-0.130.0",
              "default": true
            }
          ],
          "store_path": "/nix/store/8m75vib452lyf4qkap7fhpffc5nldgl2-codex-0.130.0"
        },
        "aarch64-linux": {
          "outputs": [
            {
              "name": "out",
              "path": "/nix/store/5z436askjkpw8y9sjc9cvdsq64j3njij-codex-0.130.0",
              "default": true
            }
          ],
          "store_path": "/nix/store/5z436askjkpw8y9sjc9cvdsq64j3njij-codex-0.130.0"
        },
        "x86_64-darwin": {
          "outputs": [
            {
              "name": "out",
              "path": "/nix/store/xpncjiiprygyj9lhkqbvj5p136sjm0zp-codex-0.130.0",
              "default": true
            }
          ],
          "store_path": "/nix/store/xpncjiiprygyj9lhkqbvj5p136sjm0zp-codex-0.130.0"
        },
        "x86_64-linux": {
          "outputs": [
            {
              "name": "out",
              "path": "/nix/store/209ycbcmp8ic1pkwjcvbyi20rwk59dyy-codex-0.130.0",
              "default": true
            }
          ],
          "store_path": "/nix/store/209ycbcmp8ic1pkwjcvbyi20rwk59dyy-codex-0.130.0"
        }
      }
    },
    "delta@latest": {
      "last_modified": "2026-04-23T13:07:47Z",
      "resolved": "github:NixOS/nixpkgs/01fbdeef22b76df85ea168fbfe1bfd9e63681b30#delta",
      "source": "devbox-search",
      "version": "0.19.2",
      "systems": {
        "aarch64-darwin": {
          "outputs": [
            {
              "name": "out",
              "path": "/nix/store/250j31nf63d9l8p880h3crcy9lc9vckn-delta-0.19.2",
              "default": true
            }
          ],
          "store_path": "/nix/store/250j31nf63d9l8p880h3crcy9lc9vckn-delta-0.19.2"
        },
        "aarch64-linux": {
          "outputs": [
            {
              "name": "out",
              "path": "/nix/store/ksb0yxyp7sz5ga7q2c7ii6s9vbb89g9l-delta-0.19.2",
              "default": true
            }
          ],
          "store_path": "/nix/store/ksb0yxyp7sz5ga7q2c7ii6s9vbb89g9l-delta-0.19.2"
        },
        "x86_64-darwin": {
          "outputs": [
            {
              "name": "out",
              "path": "/nix/store/0vk3nm556gbcbrv591xdiywxc0ympw6d-delta-0.19.2",
              "default": true
            }
          ],
          "store_path": "/nix/store/0vk3nm556gbcbrv591xdiywxc0ympw6d-delta-0.19.2"
        },
        "x86_64-linux": {
          "outputs": [
            {
              "name": "out",
              "path": "/nix/store/5wi3g1p8lhxbqgl1p3vnivmcvl9avf93-delta-0.19.2",
              "default": true
            }
          ],
          "store_path": "/nix/store/5wi3g1p8lhxbqgl1p3vnivmcvl9avf93-delta-0.19.2"
        }
      }
    },
    "fzf@latest": {
      "last_modified": "2026-04-27T06:11:55Z",
      "resolved": "github:NixOS/nixpkgs/6368eda62c9775c38ef7f714b2555a741c20c72d#fzf",
      "source": "devbox-search",
      "version": "0.72.0",
      "systems": {
        "aarch64-darwin": {
          "outputs": [
            {
              "name": "out",
              "path": "/nix/store/dj8n9hb6vgh7flmy4m8lalgl6bfi5kmp-fzf-0.72.0",
              "default": true
            },
            {
              "name": "man",
              "path": "/nix/store/2cxwvyrcl6lnghc2fy3ha8rmjwz0dwwz-fzf-0.72.0-man",
              "default": true
            }
          ],
          "store_path": "/nix/store/dj8n9hb6vgh7flmy4m8lalgl6bfi5kmp-fzf-0.72.0"
        },
        "aarch64-linux": {
          "outputs": [
            {
              "name": "out",
              "path": "/nix/store/58pqzwayhhjwqaybbd7ysh4ln66q5svw-fzf-0.72.0",
              "default": true
            },
            {
              "name": "man",
              "path": "/nix/store/pxjldlwvyhnaz7idhb4khgzb2az0lmz9-fzf-0.72.0-man",
              "default": true
            }
          ],
          "store_path": "/nix/store/58pqzwayhhjwqaybbd7ysh4ln66q5svw-fzf-0.72.0"
        },
        "x86_64-darwin": {
          "outputs": [
            {
              "name": "out",
              "path": "/nix/store/xdd1zn9bj73kgp0z03p7rkkmpb3l71y8-fzf-0.72.0",
              "default": true
            },
            {
              "name": "man",
              "path": "/nix/store/vq2yqsgla6q2xq0psrj2qkan45kn7di9-fzf-0.72.0-man",
              "default": true
            }
          ],
          "store_path": "/nix/store/xdd1zn9bj73kgp0z03p7rkkmpb3l71y8-fzf-0.72.0"
        },
        "x86_64-linux": {
          "outputs": [
            {
              "name": "out",
              "path": "/nix/store/1fc3iszabni2f7rnvdx49db2350qck7n-fzf-0.72.0",
              "default": true
            },
            {
              "name": "man",
              "path": "/nix/store/jswpxnbszf36l6lhsnghrd9sj0yl5hi7-fzf-0.72.0-man",
              "default": true
            }
          ],
          "store_path": "/nix/store/1fc3iszabni2f7rnvdx49db2350qck7n-fzf-0.72.0"
        }
      }
    },
    "gh@latest": {
      "last_modified": "2026-05-01T13:14:57Z",
      "resolved": "github:NixOS/nixpkgs/c6d65881c5624c9cae5ea6cedef24699b0c0a4c0#gh",
      "source": "devbox-search",
      "version": "2.92.0",
      "systems": {
        "aarch64-darwin": {
          "outputs": [
            {
              "name": "out",
              "path": "/nix/store/iqnlcrakmwilxwwm2v127lvic5f11wj4-gh-2.92.0",
              "default": true
            }
          ],
          "store_path": "/nix/store/iqnlcrakmwilxwwm2v127lvic5f11wj4-gh-2.92.0"
        },
        "aarch64-linux": {
          "outputs": [
            {
              "name": "out",
              "path": "/nix/store/rh89irgvdyragn9269ja281wz97rrzjp-gh-2.92.0",
              "default": true
            }
          ],
          "store_path": "/nix/store/rh89irgvdyragn9269ja281wz97rrzjp-gh-2.92.0"
        },
        "x86_64-darwin": {
          "outputs": [
            {
              "name": "out",
              "path": "/nix/store/v2baccv5siwfhqdk8lz570vncd3i5ali-gh-2.92.0",
              "default": true
            }
          ],
          "store_path": "/nix/store/v2baccv5siwfhqdk8lz570vncd3i5ali-gh-2.92.0"
        },
        "x86_64-linux": {
          "outputs": [
            {
              "name": "out",
              "path": "/nix/store/y3m73nv1ry783kqfjqq17p3kxxaxx5d1-gh-2.92.0",
              "default": true
            }
          ],
          "store_path": "/nix/store/y3m73nv1ry783kqfjqq17p3kxxaxx5d1-gh-2.92.0"
        }
      }
    },
    "github:NixOS/nixpkgs/nixpkgs-unstable": {
      "last_modified": "2026-05-15T18:21:44Z",
      "resolved": "github:NixOS/nixpkgs/d233902339c02a9c334e7e593de68855ad26c4cb?lastModified=1778869304&narHash=sha256-30sZNZoA1cqF5JNO9fVX%2BwgiQYjB7HJqqJ4ztCDeBZE%3D"
    },
    "gmailctl@latest": {
      "last_modified": "2026-04-23T13:07:47Z",
      "resolved": "github:NixOS/nixpkgs/01fbdeef22b76df85ea168fbfe1bfd9e63681b30#gmailctl",
      "source": "devbox-search",
      "version": "0.11.0",
      "systems": {
        "aarch64-darwin": {
          "outputs": [
            {
              "name": "out",
              "path": "/nix/store/iyisfvl9fsnjxpryxzr79amzzwg7hm9i-gmailctl-0.11.0",
              "default": true
            }
          ],
          "store_path": "/nix/store/iyisfvl9fsnjxpryxzr79amzzwg7hm9i-gmailctl-0.11.0"
        },
        "aarch64-linux": {
          "outputs": [
            {
              "name": "out",
              "path": "/nix/store/ghlzcvr4q1y30ifq1dp4pqk5w2n4nyji-gmailctl-0.11.0",
              "default": true
            }
          ],
          "store_path": "/nix/store/ghlzcvr4q1y30ifq1dp4pqk5w2n4nyji-gmailctl-0.11.0"
        },
        "x86_64-darwin": {
          "outputs": [
            {
              "name": "out",
              "path": "/nix/store/fw05n8il16zbwkd5ih87773ybmm13f39-gmailctl-0.11.0",
              "default": true
            }
          ],
          "store_path": "/nix/store/fw05n8il16zbwkd5ih87773ybmm13f39-gmailctl-0.11.0"
        },
        "x86_64-linux": {
          "outputs": [
            {
              "name": "out",
              "path": "/nix/store/m5vzjy7qydya2bb3sfqa036bshnxrzkp-gmailctl-0.11.0",
              "default": true
            }
          ],
          "store_path": "/nix/store/m5vzjy7qydya2bb3sfqa036bshnxrzkp-gmailctl-0.11.0"
        }
      }
    },
    "go@latest": {
      "last_modified": "2026-04-23T13:07:47Z",
      "resolved": "github:NixOS/nixpkgs/01fbdeef22b76df85ea168fbfe1bfd9e63681b30#go",
      "source": "devbox-search",
      "version": "1.26.2",
      "systems": {
        "aarch64-darwin": {
          "outputs": [
            {
              "name": "out",
              "path": "/nix/store/fkzywh7rg8lg1n2p0r161iqjwhz540wx-go-1.26.2",
              "default": true
            }
          ],
          "store_path": "/nix/store/fkzywh7rg8lg1n2p0r161iqjwhz540wx-go-1.26.2"
        },
        "aarch64-linux": {
          "outputs": [
            {
              "name": "out",
              "path": "/nix/store/w4i7p78y3735jcy69sk4lcy9zyxr0cav-go-1.26.2",
              "default": true
            }
          ],
          "store_path": "/nix/store/w4i7p78y3735jcy69sk4lcy9zyxr0cav-go-1.26.2"
        },
        "x86_64-darwin": {
          "outputs": [
            {
              "name": "out",
              "path": "/nix/store/g0b45l45nlb1kqiywzja7fh49yn7lla5-go-1.26.2",
              "default": true
            }
          ],
          "store_path": "/nix/store/g0b45l45nlb1kqiywzja7fh49yn7lla5-go-1.26.2"
        },
        "x86_64-linux": {
          "outputs": [
            {
              "name": "out",
              "path": "/nix/store/dimnagks1qsp7180yw74z0npp7z2ihs3-go-1.26.2",
              "default": true
            }
          ],
          "store_path": "/nix/store/dimnagks1qsp7180yw74z0npp7z2ihs3-go-1.26.2"
        }
      }
    },
    "htop@latest": {
      "last_modified": "2026-05-01T13:14:57Z",
      "resolved": "github:NixOS/nixpkgs/c6d65881c5624c9cae5ea6cedef24699b0c0a4c0#htop",
      "source": "devbox-search",
      "version": "3.5.1",
      "systems": {
        "aarch64-darwin": {
          "outputs": [
            {
              "name": "out",
              "path": "/nix/store/g79ngakxgpf4v0fp33sq4dlfh5fvmiaw-htop-3.5.1",
              "default": true
            },
            {
              "name": "man",
              "path": "/nix/store/y1j536c29kh8lrqp6gzvj0rckpsl38w7-htop-3.5.1-man",
              "default": true
            }
          ],
          "store_path": "/nix/store/g79ngakxgpf4v0fp33sq4dlfh5fvmiaw-htop-3.5.1"
        },
        "aarch64-linux": {
          "outputs": [
            {
              "name": "out",
              "path": "/nix/store/ix33xccanyxrw0hyvz65js5nan22y4qh-htop-3.5.1",
              "default": true
            },
            {
              "name": "man",
              "path": "/nix/store/289zljn05x75pfz1y06b1arm45dca8jx-htop-3.5.1-man",
              "default": true
            }
          ],
          "store_path": "/nix/store/ix33xccanyxrw0hyvz65js5nan22y4qh-htop-3.5.1"
        },
        "x86_64-darwin": {
          "outputs": [
            {
              "name": "out",
              "path": "/nix/store/hij2dwr96mggpz7kx7bq5dalla6alwhb-htop-3.5.1",
              "default": true
            },
            {
              "name": "man",
              "path": "/nix/store/17d9i4n75spnjxpr83qzj699527g2mv4-htop-3.5.1-man",
              "default": true
            }
          ],
          "store_path": "/nix/store/hij2dwr96mggpz7kx7bq5dalla6alwhb-htop-3.5.1"
        },
        "x86_64-linux": {
          "outputs": [
            {
              "name": "out",
              "path": "/nix/store/lhvs6dkg17i63sjl743133bjgq3j41vb-htop-3.5.1",
              "default": true
            },
            {
              "name": "man",
              "path": "/nix/store/d9vfgxjl7699pwwb5zk5kkxvp2awlcza-htop-3.5.1-man",
              "default": true
            }
          ],
          "store_path": "/nix/store/lhvs6dkg17i63sjl743133bjgq3j41vb-htop-3.5.1"
        }
      }
    },
    "jujutsu@latest": {
      "last_modified": "2026-05-08T21:03:27Z",
      "resolved": "github:NixOS/nixpkgs/b3da656039dc7a6240f27b2ef8cc6a3ef3bccae7#jujutsu",
      "source": "devbox-search",
      "version": "0.41.0",
      "systems": {
        "aarch64-darwin": {
          "outputs": [
            {
              "name": "out",
              "path": "/nix/store/qahcs3rckkafpbcmpb5r82c7fsjd600n-jujutsu-0.41.0",
              "default": true
            }
          ],
          "store_path": "/nix/store/qahcs3rckkafpbcmpb5r82c7fsjd600n-jujutsu-0.41.0"
        },
        "aarch64-linux": {
          "outputs": [
            {
              "name": "out",
              "path": "/nix/store/nh5p34iipyhw40hcy43j5m6fbvcdw2zz-jujutsu-0.41.0",
              "default": true
            }
          ],
          "store_path": "/nix/store/nh5p34iipyhw40hcy43j5m6fbvcdw2zz-jujutsu-0.41.0"
        },
        "x86_64-darwin": {
          "outputs": [
            {
              "name": "out",
              "path": "/nix/store/4540rsm7p6bl9is5s82jwi8kvwggfv9c-jujutsu-0.41.0",
              "default": true
            }
          ],
          "store_path": "/nix/store/4540rsm7p6bl9is5s82jwi8kvwggfv9c-jujutsu-0.41.0"
        },
        "x86_64-linux": {
          "outputs": [
            {
              "name": "out",
              "path": "/nix/store/kwax2pycc804a96zdvim0l62h816nfgr-jujutsu-0.41.0",
              "default": true
            }
          ],
          "store_path": "/nix/store/kwax2pycc804a96zdvim0l62h816nfgr-jujutsu-0.41.0"
        }
      }
    },
    "keep-sorted@latest": {
      "last_modified": "2026-04-23T13:07:47Z",
      "resolved": "github:NixOS/nixpkgs/01fbdeef22b76df85ea168fbfe1bfd9e63681b30#keep-sorted",
      "source": "devbox-search",
      "version": "0.8.0",
      "systems": {
        "aarch64-darwin": {
          "outputs": [
            {
              "name": "out",
              "path": "/nix/store/sfbz99wrv23gy06ab3hx2flak0hgarx2-keep-sorted-0.8.0",
              "default": true
            }
          ],
          "store_path": "/nix/store/sfbz99wrv23gy06ab3hx2flak0hgarx2-keep-sorted-0.8.0"
        },
        "aarch64-linux": {
          "outputs": [
            {
              "name": "out",
              "path": "/nix/store/h8lzwdad6gbx6d6l8nxcvrj69cca33qn-keep-sorted-0.8.0",
              "default": true
            }
          ],
          "store_path": "/nix/store/h8lzwdad6gbx6d6l8nxcvrj69cca33qn-keep-sorted-0.8.0"
        },
        "x86_64-darwin": {
          "outputs": [
            {
              "name": "out",
              "path": "/nix/store/b65gg5ajbkgm2c6wg5nx4kdh599xykdj-keep-sorted-0.8.0",
              "default": true
            }
          ],
          "store_path": "/nix/store/b65gg5ajbkgm2c6wg5nx4kdh599xykdj-keep-sorted-0.8.0"
        },
        "x86_64-linux": {
          "outputs": [
            {
              "name": "out",
              "path": "/nix/store/j1xmrla77gdl1n4adj0jyh0q6j4rmzsp-keep-sorted-0.8.0",
              "default": true
            }
          ],
          "store_path": "/nix/store/j1xmrla77gdl1n4adj0jyh0q6j4rmzsp-keep-sorted-0.8.0"
        }
      }
    },
    "micro@latest": {
      "last_modified": "2026-04-23T13:07:47Z",
      "resolved": "github:NixOS/nixpkgs/01fbdeef22b76df85ea168fbfe1bfd9e63681b30#micro",
      "source": "devbox-search",
      "version": "2.0.15",
      "systems": {
        "aarch64-darwin": {
          "outputs": [
            {
              "name": "out",
              "path": "/nix/store/19cd3gyaz8wk8h6c0gkjd4vqqm6455l3-micro-2.0.15",
              "default": true
            },
            {
              "name": "man",
              "path": "/nix/store/s83rxjzr41iqpv4av2qgjmgb3dkb361y-micro-2.0.15-man",
              "default": true
            }
          ],
          "store_path": "/nix/store/19cd3gyaz8wk8h6c0gkjd4vqqm6455l3-micro-2.0.15"
        },
        "aarch64-linux": {
          "outputs": [
            {
              "name": "out",
              "path": "/nix/store/g3kfc25l5q7223yl7ks5998zsjsnl6l7-micro-2.0.15",
              "default": true
            },
            {
              "name": "man",
              "path": "/nix/store/jl378aracackk2nh33mag1bwgr7rarhc-micro-2.0.15-man",
              "default": true
            }
          ],
          "store_path": "/nix/store/g3kfc25l5q7223yl7ks5998zsjsnl6l7-micro-2.0.15"
        },
        "x86_64-darwin": {
          "outputs": [
            {
              "name": "out",
              "path": "/nix/store/61whyy7hgsbh2zp6irm6cgkxm5x1299y-micro-2.0.15",
              "default": true
            },
            {
              "name": "man",
              "path": "/nix/store/894qk0clcnvfl5fyc7w4ak4ncq0zyc8j-micro-2.0.15-man",
              "default": true
            }
          ],
          "store_path": "/nix/store/61whyy7hgsbh2zp6irm6cgkxm5x1299y-micro-2.0.15"
        },
        "x86_64-linux": {
          "outputs": [
            {
              "name": "out",
              "path": "/nix/store/9v5nmrsdbxawybazvm36r9mh6gkl77xv-micro-2.0.15",
              "default": true
            },
            {
              "name": "man",
              "path": "/nix/store/35j5xa6ifvcvs50sdv6nksvg2iyajkn9-micro-2.0.15-man",
              "default": true
            }
          ],
          "store_path": "/nix/store/9v5nmrsdbxawybazvm36r9mh6gkl77xv-micro-2.0.15"
        }
      }
    },
    "mosh@latest": {
      "last_modified": "2026-04-23T13:07:47Z",
      "resolved": "github:NixOS/nixpkgs/01fbdeef22b76df85ea168fbfe1bfd9e63681b30#mosh",
      "source": "devbox-search",
      "version": "1.4.0",
      "systems": {
        "aarch64-darwin": {
          "outputs": [
            {
              "name": "out",
              "path": "/nix/store/xwgb112x4lbc4028ibcing803bwaaj8q-mosh-1.4.0",
              "default": true
            }
          ],
          "store_path": "/nix/store/xwgb112x4lbc4028ibcing803bwaaj8q-mosh-1.4.0"
        },
        "aarch64-linux": {
          "outputs": [
            {
              "name": "out",
              "path": "/nix/store/x39l3pcrvna7ihl1ip24sgp0zdhlbclb-mosh-1.4.0",
              "default": true
            }
          ],
          "store_path": "/nix/store/x39l3pcrvna7ihl1ip24sgp0zdhlbclb-mosh-1.4.0"
        },
        "x86_64-darwin": {
          "outputs": [
            {
              "name": "out",
              "path": "/nix/store/s76l5bqssvwxnnqalgwwpw3n2b4bdlc0-mosh-1.4.0",
              "default": true
            }
          ],
          "store_path": "/nix/store/s76l5bqssvwxnnqalgwwpw3n2b4bdlc0-mosh-1.4.0"
        },
        "x86_64-linux": {
          "outputs": [
            {
              "name": "out",
              "path": "/nix/store/y11hqr0fwlm0xwij1xr1s8p9n3fzlswa-mosh-1.4.0",
              "default": true
            }
          ],
          "store_path": "/nix/store/y11hqr0fwlm0xwij1xr1s8p9n3fzlswa-mosh-1.4.0"
        }
      }
    },
    "mutagen@latest": {
      "last_modified": "2026-05-08T21:03:27Z",
      "resolved": "github:NixOS/nixpkgs/b3da656039dc7a6240f27b2ef8cc6a3ef3bccae7#mutagen",
      "source": "devbox-search",
      "version": "0.18.1",
      "systems": {
        "aarch64-darwin": {
          "outputs": [
            {
              "name": "out",
              "path": "/nix/store/h219wbgjsgw7g5l3k4iw27asqwh9ivlw-mutagen-0.18.1",
              "default": true
            }
          ],
          "store_path": "/nix/store/h219wbgjsgw7g5l3k4iw27asqwh9ivlw-mutagen-0.18.1"
        },
        "aarch64-linux": {
          "outputs": [
            {
              "name": "out",
              "path": "/nix/store/mifw0mypxv354clz717s185qpbmysfch-mutagen-0.18.1",
              "default": true
            }
          ],
          "store_path": "/nix/store/mifw0mypxv354clz717s185qpbmysfch-mutagen-0.18.1"
        },
        "x86_64-darwin": {
          "outputs": [
            {
              "name": "out",
              "path": "/nix/store/qy0ygdqzfs6cjdjwyyh1w7k9pmhy6n1f-mutagen-0.18.1",
              "default": true
            }
          ],
          "store_path": "/nix/store/qy0ygdqzfs6cjdjwyyh1w7k9pmhy6n1f-mutagen-0.18.1"
        },
        "x86_64-linux": {
          "outputs": [
            {
              "name": "out",
              "path": "/nix/store/6zkvykbl2vpay54j8nnlyss48r78rlwx-mutagen-0.18.1",
              "default": true
            }
          ],
          "store_path": "/nix/store/6zkvykbl2vpay54j8nnlyss48r78rlwx-mutagen-0.18.1"
        }
      }
    },
    "pdftk@latest": {
      "last_modified": "2026-04-23T13:07:47Z",
      "resolved": "github:NixOS/nixpkgs/01fbdeef22b76df85ea168fbfe1bfd9e63681b30#pdftk",
      "source": "devbox-search",
      "version": "3.3.3",
      "systems": {
        "aarch64-darwin": {
          "outputs": [
            {
              "name": "out",
              "path": "/nix/store/2kiy6knfnizb7ikdb5a3fd5xa3cac251-pdftk-3.3.3",
              "default": true
            }
          ],
          "store_path": "/nix/store/2kiy6knfnizb7ikdb5a3fd5xa3cac251-pdftk-3.3.3"
        },
        "aarch64-linux": {
          "outputs": [
            {
              "name": "out",
              "path": "/nix/store/yzwh0bryzbw1rrkk83ddw7gfyc6xa875-pdftk-3.3.3",
              "default": true
            }
          ],
          "store_path": "/nix/store/yzwh0bryzbw1rrkk83ddw7gfyc6xa875-pdftk-3.3.3"
        },
        "x86_64-darwin": {
          "outputs": [
            {
              "name": "out",
              "path": "/nix/store/ifrhxgrf26ipha80k15h45ipch4d5bhg-pdftk-3.3.3",
              "default": true
            }
          ],
          "store_path": "/nix/store/ifrhxgrf26ipha80k15h45ipch4d5bhg-pdftk-3.3.3"
        },
        "x86_64-linux": {
          "outputs": [
            {
              "name": "out",
              "path": "/nix/store/298ivgbds4mrihn2y15pqfymgf84x770-pdftk-3.3.3",
              "default": true
            }
          ],
          "store_path": "/nix/store/298ivgbds4mrihn2y15pqfymgf84x770-pdftk-3.3.3"
        }
      }
    },
    "shellcheck@latest": {
      "last_modified": "2026-04-23T13:07:47Z",
      "resolved": "github:NixOS/nixpkgs/01fbdeef22b76df85ea168fbfe1bfd9e63681b30#shellcheck",
      "source": "devbox-search",
      "version": "0.11.0",
      "systems": {
        "aarch64-darwin": {
          "outputs": [
            {
              "name": "bin",
              "path": "/nix/store/dlbqbwjzrv193wnjg04cpr5giw8hn12l-shellcheck-0.11.0-bin",
              "default": true
            },
            {
              "name": "man",
              "path": "/nix/store/wp7s0lsrhwz0ix6lza75fch0cpl88py8-shellcheck-0.11.0-man",
              "default": true
            },
            {
              "name": "doc",
              "path": "/nix/store/y23x33gxn2dlxf0v3d03sk8hhwprqkwr-shellcheck-0.11.0-doc",
              "default": true
            },
            {
              "name": "out",
              "path": "/nix/store/1vr1pp6r6cszwcvbnx6jnm5m2acj6b72-shellcheck-0.11.0"
            }
          ],
          "store_path": "/nix/store/dlbqbwjzrv193wnjg04cpr5giw8hn12l-shellcheck-0.11.0-bin"
        },
        "aarch64-linux": {
          "outputs": [
            {
              "name": "bin",
              "path": "/nix/store/sw3f95zvc4kj318bkkvya0bha59c959r-shellcheck-0.11.0-bin",
              "default": true
            },
            {
              "name": "man",
              "path": "/nix/store/xsxan945pnxvw3zs8sgnyyshl2yc0f1m-shellcheck-0.11.0-man",
              "default": true
            },
            {
              "name": "doc",
              "path": "/nix/store/afnjnclxa4f20n4h5j655q6bkvqb5gfx-shellcheck-0.11.0-doc",
              "default": true
            },
            {
              "name": "out",
              "path": "/nix/store/s8j83wf8g18gs8liayqdxbw6byfxrmq3-shellcheck-0.11.0"
            }
          ],
          "store_path": "/nix/store/sw3f95zvc4kj318bkkvya0bha59c959r-shellcheck-0.11.0-bin"
        },
        "x86_64-darwin": {
          "outputs": [
            {
              "name": "bin",
              "path": "/nix/store/v9vqlrcqfv6cjr4s92d5rfdvll2na6a7-shellcheck-0.11.0-bin",
              "default": true
            },
            {
              "name": "man",
              "path": "/nix/store/32p1vmfw91d0sqsfnbxx52yf8r2brdq2-shellcheck-0.11.0-man",
              "default": true
            },
            {
              "name": "doc",
              "path": "/nix/store/s4vm25qahll7w881151z12vn81j4afg0-shellcheck-0.11.0-doc",
              "default": true
            },
            {
              "name": "out",
              "path": "/nix/store/hkbyrgg9yygb7m05r1vpx1b9cn6hh8rf-shellcheck-0.11.0"
            }
          ],
          "store_path": "/nix/store/v9vqlrcqfv6cjr4s92d5rfdvll2na6a7-shellcheck-0.11.0-bin"
        },
        "x86_64-linux": {
          "outputs": [
            {
              "name": "bin",
              "path": "/nix/store/7xiiq153kv13wcqb6j5zffz2g778nssv-shellcheck-0.11.0-bin",
              "default": true
            },
            {
              "name": "man",
              "path": "/nix/store/00zjsxq0s6j95n6004prcjxn4j5zgpb9-shellcheck-0.11.0-man",
              "default": true
            },
            {
              "name": "doc",
              "path": "/nix/store/x77g5cjb4mzab1vr48bv3vl67p7lcy2n-shellcheck-0.11.0-doc",
              "default": true
            },
            {
              "name": "out",
              "path": "/nix/store/09hk83dw55dpbw1f8km58pycmbfr186k-shellcheck-0.11.0"
            }
          ],
          "store_path": "/nix/store/7xiiq153kv13wcqb6j5zffz2g778nssv-shellcheck-0.11.0-bin"
        }
      }
    },
    "src-cli@latest": {
      "last_modified": "2026-05-06T02:58:03Z",
      "resolved": "github:NixOS/nixpkgs/ed67bc86e84e51d4a88e73c7fd36006dc876476f#src-cli",
      "source": "devbox-search",
      "version": "7.2.1",
      "systems": {
        "aarch64-darwin": {
          "outputs": [
            {
              "name": "out",
              "path": "/nix/store/6bxwypyiyqmsxpi2af5m9xf4ac1z8v51-src-cli-7.2.1",
              "default": true
            }
          ],
          "store_path": "/nix/store/6bxwypyiyqmsxpi2af5m9xf4ac1z8v51-src-cli-7.2.1"
        },
        "aarch64-linux": {
          "outputs": [
            {
              "name": "out",
              "path": "/nix/store/ybkxs9a6s8aqkw354wn5lnsf3nccnys6-src-cli-7.2.1",
              "default": true
            }
          ],
          "store_path": "/nix/store/ybkxs9a6s8aqkw354wn5lnsf3nccnys6-src-cli-7.2.1"
        },
        "x86_64-darwin": {
          "outputs": [
            {
              "name": "out",
              "path": "/nix/store/xfkk53sm5fzcw5qnbwly1z3kynz0yy97-src-cli-7.2.1",
              "default": true
            }
          ],
          "store_path": "/nix/store/xfkk53sm5fzcw5qnbwly1z3kynz0yy97-src-cli-7.2.1"
        },
        "x86_64-linux": {
          "outputs": [
            {
              "name": "out",
              "path": "/nix/store/82g3pcib2r50z6sxrcahv5ix0yy7ixy1-src-cli-7.2.1",
              "default": true
            }
          ],
          "store_path": "/nix/store/82g3pcib2r50z6sxrcahv5ix0yy7ixy1-src-cli-7.2.1"
        }
      }
    },
    "sshpass@latest": {
      "last_modified": "2026-04-23T13:07:47Z",
      "resolved": "github:NixOS/nixpkgs/01fbdeef22b76df85ea168fbfe1bfd9e63681b30#sshpass",
      "source": "devbox-search",
      "version": "1.10",
      "systems": {
        "aarch64-darwin": {
          "outputs": [
            {
              "name": "out",
              "path": "/nix/store/m85ndhiyzb21x2q1lgmjay76wy3ng8a7-sshpass-1.10",
              "default": true
            }
          ],
          "store_path": "/nix/store/m85ndhiyzb21x2q1lgmjay76wy3ng8a7-sshpass-1.10"
        },
        "aarch64-linux": {
          "outputs": [
            {
              "name": "out",
              "path": "/nix/store/a630nfq3qdkpmp7fh7j35l9g2nmblpnl-sshpass-1.10",
              "default": true
            }
          ],
          "store_path": "/nix/store/a630nfq3qdkpmp7fh7j35l9g2nmblpnl-sshpass-1.10"
        },
        "x86_64-darwin": {
          "outputs": [
            {
              "name": "out",
              "path": "/nix/store/16lax49a659aqd9wb96s8xhwqlfg8w63-sshpass-1.10",
              "default": true
            }
          ],
          "store_path": "/nix/store/16lax49a659aqd9wb96s8xhwqlfg8w63-sshpass-1.10"
        },
        "x86_64-linux": {
          "outputs": [
            {
              "name": "out",
              "path": "/nix/store/ml4rw2qalsx6cag1z2qp420gbws796w6-sshpass-1.10",
              "default": true
            }
          ],
          "store_path": "/nix/store/ml4rw2qalsx6cag1z2qp420gbws796w6-sshpass-1.10"
        }
      }
    },
    "tmux@latest": {
      "last_modified": "2025-11-26T14:39:26Z",
      "resolved": "github:NixOS/nixpkgs/5c46f3bd98147c8d82366df95bbef2cab3a967ea#tmux",
      "source": "devbox-search",
      "version": "3.6",
      "systems": {
        "aarch64-darwin": {
          "outputs": [
            {
              "name": "out",
              "path": "/nix/store/8cc44893xix9xknp1phzi5jg8g0pghii-tmux-3.6",
              "default": true
            },
            {
              "name": "man",
              "path": "/nix/store/08iih7zrw7yybahxla1f3vf1qhygiwzb-tmux-3.6-man",
              "default": true
            }
          ],
          "store_path": "/nix/store/8cc44893xix9xknp1phzi5jg8g0pghii-tmux-3.6"
        },
        "aarch64-linux": {
          "outputs": [
            {
              "name": "out",
              "path": "/nix/store/nipnplpp8s2kxrym46ziwm286ac9smxk-tmux-3.6",
              "default": true
            },
            {
              "name": "man",
              "path": "/nix/store/h0mw9jvd11ykb63rxvjwg03yxpmwcrsk-tmux-3.6-man",
              "default": true
            }
          ],
          "store_path": "/nix/store/nipnplpp8s2kxrym46ziwm286ac9smxk-tmux-3.6"
        },
        "x86_64-darwin": {
          "outputs": [
            {
              "name": "out",
              "path": "/nix/store/r9as91zw6j6ly5wy67w7ksy56y4fa6m0-tmux-3.6",
              "default": true
            },
            {
              "name": "man",
              "path": "/nix/store/x91dqpy96jnjv7prrg1x65lzhlp8h7px-tmux-3.6-man",
              "default": true
            }
          ],
          "store_path": "/nix/store/r9as91zw6j6ly5wy67w7ksy56y4fa6m0-tmux-3.6"
        },
        "x86_64-linux": {
          "outputs": [
            {
              "name": "out",
              "path": "/nix/store/aaryy6aga27r973s97ckbmalbc1ha4hl-tmux-3.6",
              "default": true
            },
            {
              "name": "man",
              "path": "/nix/store/vkz0jwnx7cg2gc48w3nijs1d3sydz9l5-tmux-3.6-man",
              "default": true
            }
          ],
          "store_path": "/nix/store/aaryy6aga27r973s97ckbmalbc1ha4hl-tmux-3.6"
        }
      }
    },
    "uv@latest": {
      "last_modified": "2026-05-15T18:21:44Z",
      "resolved": "github:NixOS/nixpkgs/d233902339c02a9c334e7e593de68855ad26c4cb#uv",
      "source": "devbox-search",
      "version": "0.11.14",
      "systems": {
        "aarch64-darwin": {
          "outputs": [
            {
              "name": "out",
              "path": "/nix/store/slx6kfdk376wzvxfykhihi2k59lr4jv4-uv-0.11.14",
              "default": true
            }
          ],
          "store_path": "/nix/store/slx6kfdk376wzvxfykhihi2k59lr4jv4-uv-0.11.14"
        },
        "aarch64-linux": {
          "outputs": [
            {
              "name": "out",
              "path": "/nix/store/kpwg6w8fin73zjw2iwdbl64v4rwd3lsv-uv-0.11.14",
              "default": true
            }
          ],
          "store_path": "/nix/store/kpwg6w8fin73zjw2iwdbl64v4rwd3lsv-uv-0.11.14"
        },
        "x86_64-darwin": {
          "outputs": [
            {
              "name": "out",
              "path": "/nix/store/f9ldlm2i39r9ydldf0acd8b6law16r71-uv-0.11.14",
              "default": true
            }
          ],
          "store_path": "/nix/store/f9ldlm2i39r9ydldf0acd8b6law16r71-uv-0.11.14"
        },
        "x86_64-linux": {
          "outputs": [
            {
              "name": "out",
              "path": "/nix/store/as4nxfj59yqyi5ppv55vj0aacz610jfl-uv-0.11.14",
              "default": true
            }
          ],
          "store_path": "/nix/store/as4nxfj59yqyi5ppv55vj0aacz610jfl-uv-0.11.14"
        }
      }
    },
    "viddy@latest": {
      "last_modified": "2026-04-23T13:07:47Z",
      "resolved": "github:NixOS/nixpkgs/01fbdeef22b76df85ea168fbfe1bfd9e63681b30#viddy",
      "source": "devbox-search",
      "version": "1.3.0",
      "systems": {
        "aarch64-darwin": {
          "outputs": [
            {
              "name": "out",
              "path": "/nix/store/0i5k5nky6hmjlk05a519qwqghcp28gyb-viddy-1.3.0",
              "default": true
            }
          ],
          "store_path": "/nix/store/0i5k5nky6hmjlk05a519qwqghcp28gyb-viddy-1.3.0"
        },
        "aarch64-linux": {
          "outputs": [
            {
              "name": "out",
              "path": "/nix/store/aja3wmknrmmfkz74larxvhhanm8awy71-viddy-1.3.0",
              "default": true
            }
          ],
          "store_path": "/nix/store/aja3wmknrmmfkz74larxvhhanm8awy71-viddy-1.3.0"
        },
        "x86_64-darwin": {
          "outputs": [
            {
              "name": "out",
              "path": "/nix/store/7p9159yqfn48qnailb603d31xpn8srd1-viddy-1.3.0",
              "default": true
            }
          ],
          "store_path": "/nix/store/7p9159yqfn48qnailb603d31xpn8srd1-viddy-1.3.0"
        },
        "x86_64-linux": {
          "outputs": [
            {
              "name": "out",
              "path": "/nix/store/qzvqc02rs631k07h72j30hcwqv4wy31r-viddy-1.3.0",
              "default": true
            }
          ],
          "store_path": "/nix/store/qzvqc02rs631k07h72j30hcwqv4wy31r-viddy-1.3.0"
        }
      }
    },
    "watchman@latest": {
      "last_modified": "2026-04-23T13:07:47Z",
      "resolved": "github:NixOS/nixpkgs/01fbdeef22b76df85ea168fbfe1bfd9e63681b30#watchman",
      "source": "devbox-search",
      "version": "2026.01.19.00",
      "systems": {
        "aarch64-darwin": {
          "outputs": [
            {
              "name": "out",
              "path": "/nix/store/g5k6ijlypywkm99958q48wwq6vm8n61w-watchman-2026.01.19.00",
              "default": true
            }
          ],
          "store_path": "/nix/store/g5k6ijlypywkm99958q48wwq6vm8n61w-watchman-2026.01.19.00"
        },
        "aarch64-linux": {
          "outputs": [
            {
              "name": "out",
              "path": "/nix/store/6500xn6fahdyyxj5kgv4pxw63lqra0s8-watchman-2026.01.19.00",
              "default": true
            }
          ],
          "store_path": "/nix/store/6500xn6fahdyyxj5kgv4pxw63lqra0s8-watchman-2026.01.19.00"
        },
        "x86_64-darwin": {
          "outputs": [
            {
              "name": "out",
              "path": "/nix/store/zb3f7p0vc0xacn9bcpx7z6wgc02fc78g-watchman-2026.01.19.00",
              "default": true
            }
          ],
          "store_path": "/nix/store/zb3f7p0vc0xacn9bcpx7z6wgc02fc78g-watchman-2026.01.19.00"
        },
        "x86_64-linux": {
          "outputs": [
            {
              "name": "out",
              "path": "/nix/store/nlk8q15q89q8hl9xhpslf54255wafg9b-watchman-2026.01.19.00",
              "default": true
            }
          ],
          "store_path": "/nix/store/nlk8q15q89q8hl9xhpslf54255wafg9b-watchman-2026.01.19.00"
        }
      }
    },
    "zsh-abbr@latest": {
      "last_modified": "2026-04-23T13:07:47Z",
      "resolved": "github:NixOS/nixpkgs/01fbdeef22b76df85ea168fbfe1bfd9e63681b30#zsh-abbr",
      "source": "devbox-search",
      "version": "6.5.2",
      "systems": {
        "aarch64-darwin": {
          "outputs": [
            {
              "name": "out",
              "path": "/nix/store/y1anq4dq2rgcig22h88mbwkj0dn4yjgw-zsh-abbr-6.5.2",
              "default": true
            }
          ],
          "store_path": "/nix/store/y1anq4dq2rgcig22h88mbwkj0dn4yjgw-zsh-abbr-6.5.2"
        },
        "aarch64-linux": {
          "outputs": [
            {
              "name": "out",
              "path": "/nix/store/vnahyyjm352p3b1p3x2dzmni75mqfril-zsh-abbr-6.5.2",
              "default": true
            }
          ],
          "store_path": "/nix/store/vnahyyjm352p3b1p3x2dzmni75mqfril-zsh-abbr-6.5.2"
        },
        "x86_64-darwin": {
          "outputs": [
            {
              "name": "out",
              "path": "/nix/store/5ldbrbc6c1gl26piry3vap5af4v1svzg-zsh-abbr-6.5.2",
              "default": true
            }
          ],
          "store_path": "/nix/store/5ldbrbc6c1gl26piry3vap5af4v1svzg-zsh-abbr-6.5.2"
        },
        "x86_64-linux": {
          "outputs": [
            {
              "name": "out",
              "path": "/nix/store/d7zslrzs4vl5l15vzrpvcmzzyzrkahyq-zsh-abbr-6.5.2",
              "default": true
            }
          ],
          "store_path": "/nix/store/d7zslrzs4vl5l15vzrpvcmzzyzrkahyq-zsh-abbr-6.5.2"
        }
      }
    },
    "zsh@latest": {
      "last_modified": "2026-04-30T11:26:30Z",
      "resolved": "github:NixOS/nixpkgs/7aaa00e7cc9be6c316cb5f6617bd740dd435c59d#zsh",
      "source": "devbox-search",
      "version": "5.9",
      "systems": {
        "aarch64-darwin": {
          "outputs": [
            {
              "name": "out",
              "path": "/nix/store/kwmvhsz9pw61an4ppqfrhjnpjshikvjs-zsh-5.9",
              "default": true
            },
            {
              "name": "man",
              "path": "/nix/store/iipgh45gnv385cz63pyl165xxss0ll65-zsh-5.9-man",
              "default": true
            },
            {
              "name": "doc",
              "path": "/nix/store/gsak4c3r4hk0w4fri84ha7d1lm8bzhhj-zsh-5.9-doc"
            },
            {
              "name": "info",
              "path": "/nix/store/k7ffzvcgrhfc065d3423dmib5ppjbzp5-zsh-5.9-info"
            }
          ],
          "store_path": "/nix/store/kwmvhsz9pw61an4ppqfrhjnpjshikvjs-zsh-5.9"
        },
        "aarch64-linux": {
          "outputs": [
            {
              "name": "out",
              "path": "/nix/store/pj5zhmk23a79frxxiyzrk8pq85dz19xf-zsh-5.9",
              "default": true
            },
            {
              "name": "man",
              "path": "/nix/store/ihx0jq3p5v1glnv6qaxjzmrqdrx9q3gn-zsh-5.9-man",
              "default": true
            },
            {
              "name": "doc",
              "path": "/nix/store/labfrzac38w0ppqsdj0jl2ybvi609plf-zsh-5.9-doc"
            },
            {
              "name": "info",
              "path": "/nix/store/01sk794krnwr1n08yl4160k8hv3k3ys4-zsh-5.9-info"
            }
          ],
          "store_path": "/nix/store/pj5zhmk23a79frxxiyzrk8pq85dz19xf-zsh-5.9"
        },
        "x86_64-darwin": {
          "outputs": [
            {
              "name": "out",
              "path": "/nix/store/0vkfqzpklvs9nmx6439vqwvlzwryd60j-zsh-5.9",
              "default": true
            },
            {
              "name": "man",
              "path": "/nix/store/qcfndxgbbz7j5dqq9mnsbi61rgx29l7p-zsh-5.9-man",
              "default": true
            },
            {
              "name": "doc",
              "path": "/nix/store/pfiz1aaczhvgm2q58gs0irf7m3825a20-zsh-5.9-doc"
            },
            {
              "name": "info",
              "path": "/nix/store/lgs15gbw6al9r40f3f63vg4nknyf85xy-zsh-5.9-info"
            }
          ],
          "store_path": "/nix/store/0vkfqzpklvs9nmx6439vqwvlzwryd60j-zsh-5.9"
        },
        "x86_64-linux": {
          "outputs": [
            {
              "name": "out",
              "path": "/nix/store/pbr67bz9gw0by9sz5rb3wgncp6hv4b8y-zsh-5.9",
              "default": true
            },
            {
              "name": "man",
              "path": "/nix/store/fhqwz9rjdc5vzalhimbzr76xcc4svqsy-zsh-5.9-man",
              "default": true
            },
            {
              "name": "doc",
              "path": "/nix/store/vsnwny158iim97zz9f9np4j525yapflc-zsh-5.9-doc"
            },
            {
              "name": "info",
              "path": "/nix/store/87d49ypj4iai1j4c16960jrvf4k90zk2-zsh-5.9-info"
            }
          ],
          "store_path": "/nix/store/pbr67bz9gw0by9sz5rb3wgncp6hv4b8y-zsh-5.9"
        }
      }
    }
  }
}
