{
  "lockfile_version": "1",
  "packages": {
    "antigen@latest": {
      "last_modified": "2026-08-12T11:28:58Z",
      "resolved": "github:NixOS/nixpkgs/044bfe75bfe4c7bbe043dc17b5e42ea823b84a09#antigen",
      "source": "devbox-search",
      "version": "2.2.3",
      "systems": {
        "aarch64-darwin": {
          "outputs": [
            {
              "name": "out",
              "path": "/nix/store/f459cbi2fj6ia3p7dymx1rvxzqzw6hbn-antigen-2.2.3",
              "default": true
            }
          ],
          "store_path": "/nix/store/f459cbi2fj6ia3p7dymx1rvxzqzw6hbn-antigen-2.2.3"
        },
        "aarch64-linux": {
          "outputs": [
            {
              "name": "out",
              "path": "/nix/store/xdfml553379qs90kicr5ybjh0rx1hbr7-antigen-2.2.3",
              "default": true
            }
          ],
          "store_path": "/nix/store/xdfml553379qs90kicr5ybjh0rx1hbr7-antigen-2.2.3"
        },
        "x86_64-darwin": {
          "outputs": [
            {
              "name": "out",
              "path": "/nix/store/jd813p7c2qivfi8q78n27rh75wmwrsjd-antigen-2.2.3",
              "default": true
            }
          ],
          "store_path": "/nix/store/jd813p7c2qivfi8q78n27rh75wmwrsjd-antigen-2.2.3"
        },
        "x86_64-linux": {
          "outputs": [
            {
              "name": "out",
              "path": "/nix/store/psiycd4jrqqcswnba4gw8lyl1y7mln6a-antigen-2.2.3",
              "default": true
            }
          ],
          "store_path": "/nix/store/psiycd4jrqqcswnba4gw8lyl1y7mln6a-antigen-2.2.3"
        }
      }
    },
    "bat@latest": {
      "last_modified": "2026-08-12T11:28:58Z",
      "resolved": "github:NixOS/nixpkgs/044bfe75bfe4c7bbe043dc17b5e42ea823b84a09#bat",
      "source": "devbox-search",
      "version": "0.26.1",
      "systems": {
        "aarch64-darwin": {
          "outputs": [
            {
              "name": "out",
              "path": "/nix/store/05p66argpnghqiia4hi77dq7wm6835jk-bat-0.26.1",
              "default": true
            }
          ],
          "store_path": "/nix/store/05p66argpnghqiia4hi77dq7wm6835jk-bat-0.26.1"
        },
        "aarch64-linux": {
          "outputs": [
            {
              "name": "out",
              "path": "/nix/store/nyy7zjrilm7lxz5j5k9bnhslc3hlkpmg-bat-0.26.1",
              "default": true
            }
          ],
          "store_path": "/nix/store/nyy7zjrilm7lxz5j5k9bnhslc3hlkpmg-bat-0.26.1"
        },
        "x86_64-darwin": {
          "outputs": [
            {
              "name": "out",
              "path": "/nix/store/83yqdzp8y87zqqhi9jqzp2xdgj6wm4ms-bat-0.26.1",
              "default": true
            }
          ],
          "store_path": "/nix/store/83yqdzp8y87zqqhi9jqzp2xdgj6wm4ms-bat-0.26.1"
        },
        "x86_64-linux": {
          "outputs": [
            {
              "name": "out",
              "path": "/nix/store/nnhq43c31bqrqw66k91a96p1b4bi5l4m-bat-0.26.1",
              "default": true
            }
          ],
          "store_path": "/nix/store/nnhq43c31bqrqw66k91a96p1b4bi5l4m-bat-0.26.1"
        }
      }
    },
    "bun@latest": {
      "last_modified": "2026-08-16T22:25:34Z",
      "resolved": "github:NixOS/nixpkgs/21e032ff95225fb81164a2b2b696c5f6841fcb62#bun",
      "source": "devbox-search",
      "version": "1.3.13",
      "systems": {
        "aarch64-darwin": {
          "outputs": [
            {
              "name": "out",
              "path": "/nix/store/kr5pp7mlvn17sj4z3kc2bi7cnihns1bf-bun-1.3.13",
              "default": true
            }
          ],
          "store_path": "/nix/store/kr5pp7mlvn17sj4z3kc2bi7cnihns1bf-bun-1.3.13"
        },
        "aarch64-linux": {
          "outputs": [
            {
              "name": "out",
              "path": "/nix/store/k6b8s259p59ckiahvg9pcmz0yhy4kvlh-bun-1.3.13",
              "default": true
            }
          ],
          "store_path": "/nix/store/k6b8s259p59ckiahvg9pcmz0yhy4kvlh-bun-1.3.13"
        },
        "x86_64-darwin": {
          "outputs": [
            {
              "name": "out",
              "path": "/nix/store/wn9cggwqflvqryxxb9xinl9iygndm8d9-bun-1.3.13",
              "default": true
            }
          ],
          "store_path": "/nix/store/wn9cggwqflvqryxxb9xinl9iygndm8d9-bun-1.3.13"
        },
        "x86_64-linux": {
          "outputs": [
            {
              "name": "out",
              "path": "/nix/store/dynr642xrg1fib1y2ry70hybjmzvqz3y-bun-1.3.13",
              "default": true
            }
          ],
          "store_path": "/nix/store/dynr642xrg1fib1y2ry70hybjmzvqz3y-bun-1.3.13"
        }
      }
    },
    "claude-code@latest": {
      "last_modified": "2026-08-14T15:04:01Z",
      "resolved": "github:NixOS/nixpkgs/8be7bd0c83f12e2e3bbba07c9044d6fed9e66f7f#claude-code",
      "source": "devbox-search",
      "version": "2.1.232",
      "systems": {
        "aarch64-darwin": {
          "outputs": [
            {
              "name": "out",
              "path": "/nix/store/5m8yv46jak8qin8va1r2rnqsqfmsdvks-claude-code-2.1.232",
              "default": true
            }
          ],
          "store_path": "/nix/store/5m8yv46jak8qin8va1r2rnqsqfmsdvks-claude-code-2.1.232"
        },
        "aarch64-linux": {
          "outputs": [
            {
              "name": "out",
              "path": "/nix/store/4wk4i657a3q9gcx2h733lsqcziy1qq82-claude-code-2.1.232",
              "default": true
            }
          ],
          "store_path": "/nix/store/4wk4i657a3q9gcx2h733lsqcziy1qq82-claude-code-2.1.232"
        },
        "x86_64-linux": {
          "outputs": [
            {
              "name": "out",
              "path": "/nix/store/43fmrchzsg9g110qqk9n7a5z0icsf0qh-claude-code-2.1.232",
              "default": true
            }
          ],
          "store_path": "/nix/store/43fmrchzsg9g110qqk9n7a5z0icsf0qh-claude-code-2.1.232"
        }
      }
    },
    "codex@latest": {
      "last_modified": "2026-08-12T11:28:58Z",
      "resolved": "github:NixOS/nixpkgs/044bfe75bfe4c7bbe043dc17b5e42ea823b84a09#codex",
      "source": "devbox-search",
      "version": "0.147.0",
      "systems": {
        "aarch64-darwin": {
          "outputs": [
            {
              "name": "out",
              "path": "/nix/store/cixb73zv1pb6dm2igpixcbxkgjjqjhg0-codex-0.147.0",
              "default": true
            }
          ],
          "store_path": "/nix/store/cixb73zv1pb6dm2igpixcbxkgjjqjhg0-codex-0.147.0"
        },
        "aarch64-linux": {
          "outputs": [
            {
              "name": "out",
              "path": "/nix/store/60ql1db9jl171j18jndv45lqdjlgzw0k-codex-0.147.0",
              "default": true
            }
          ],
          "store_path": "/nix/store/60ql1db9jl171j18jndv45lqdjlgzw0k-codex-0.147.0"
        },
        "x86_64-linux": {
          "outputs": [
            {
              "name": "out",
              "path": "/nix/store/vy5ww88zmkwffaqvqb9hv0zvd9p1nc7h-codex-0.147.0",
              "default": true
            }
          ],
          "store_path": "/nix/store/vy5ww88zmkwffaqvqb9hv0zvd9p1nc7h-codex-0.147.0"
        }
      }
    },
    "delta@latest": {
      "last_modified": "2026-08-12T11:28:58Z",
      "resolved": "github:NixOS/nixpkgs/044bfe75bfe4c7bbe043dc17b5e42ea823b84a09#delta",
      "source": "devbox-search",
      "version": "0.19.2",
      "systems": {
        "aarch64-darwin": {
          "outputs": [
            {
              "name": "out",
              "path": "/nix/store/qam9vgwmr4ypw0zvc37y5ksz09rjp979-delta-0.19.2",
              "default": true
            }
          ],
          "store_path": "/nix/store/qam9vgwmr4ypw0zvc37y5ksz09rjp979-delta-0.19.2"
        },
        "aarch64-linux": {
          "outputs": [
            {
              "name": "out",
              "path": "/nix/store/j5rkk0b9i7yypwv4a1yc0w5vbqphcj4v-delta-0.19.2",
              "default": true
            }
          ],
          "store_path": "/nix/store/j5rkk0b9i7yypwv4a1yc0w5vbqphcj4v-delta-0.19.2"
        },
        "x86_64-darwin": {
          "outputs": [
            {
              "name": "out",
              "path": "/nix/store/l2qi2192h1iap9m7qyzz3911kb1kg0vd-delta-0.19.2",
              "default": true
            }
          ],
          "store_path": "/nix/store/l2qi2192h1iap9m7qyzz3911kb1kg0vd-delta-0.19.2"
        },
        "x86_64-linux": {
          "outputs": [
            {
              "name": "out",
              "path": "/nix/store/lmz9v1q6b6djqkikmpivg36k4v164ysa-delta-0.19.2",
              "default": true
            }
          ],
          "store_path": "/nix/store/lmz9v1q6b6djqkikmpivg36k4v164ysa-delta-0.19.2"
        }
      }
    },
    "fzf@latest": {
      "last_modified": "2026-08-17T10:51:46Z",
      "resolved": "github:NixOS/nixpkgs/f4b6996c4e8b9ee06ce147ec344c885f51071b14#fzf",
      "source": "devbox-search",
      "version": "0.74.3",
      "systems": {
        "aarch64-darwin": {
          "outputs": [
            {
              "name": "out",
              "path": "/nix/store/chq54jjs4crxl8xdw4zfvrdigfdvnq14-fzf-0.74.3",
              "default": true
            },
            {
              "name": "man",
              "path": "/nix/store/vm4pc3682xydhwxy6rknydcyy9q8q2xb-fzf-0.74.3-man",
              "default": true
            }
          ],
          "store_path": "/nix/store/chq54jjs4crxl8xdw4zfvrdigfdvnq14-fzf-0.74.3"
        },
        "aarch64-linux": {
          "outputs": [
            {
              "name": "out",
              "path": "/nix/store/fymv8jykxl7dpk8dk15jnw15rcxk1vrr-fzf-0.74.3",
              "default": true
            },
            {
              "name": "man",
              "path": "/nix/store/h562j1zmgad27f048lcfk8pc9sbivrak-fzf-0.74.3-man",
              "default": true
            }
          ],
          "store_path": "/nix/store/fymv8jykxl7dpk8dk15jnw15rcxk1vrr-fzf-0.74.3"
        },
        "x86_64-linux": {
          "outputs": [
            {
              "name": "out",
              "path": "/nix/store/4y9xb3rja954c7kz7z6dm35l5kqi2siv-fzf-0.74.3",
              "default": true
            },
            {
              "name": "man",
              "path": "/nix/store/36d39aw4nwagjvw713gcbqw4idw6mcqj-fzf-0.74.3-man",
              "default": true
            }
          ],
          "store_path": "/nix/store/4y9xb3rja954c7kz7z6dm35l5kqi2siv-fzf-0.74.3"
        }
      }
    },
    "gh@latest": {
      "last_modified": "2026-08-12T11:28:58Z",
      "resolved": "github:NixOS/nixpkgs/044bfe75bfe4c7bbe043dc17b5e42ea823b84a09#gh",
      "source": "devbox-search",
      "version": "2.97.0",
      "systems": {
        "aarch64-darwin": {
          "outputs": [
            {
              "name": "out",
              "path": "/nix/store/ah2ixwwf58zsa56jwgalvbrajgyd92jm-gh-2.97.0",
              "default": true
            }
          ],
          "store_path": "/nix/store/ah2ixwwf58zsa56jwgalvbrajgyd92jm-gh-2.97.0"
        },
        "aarch64-linux": {
          "outputs": [
            {
              "name": "out",
              "path": "/nix/store/7zsgkk9cy34n46hy72g2jqcv4fzfgl3i-gh-2.97.0",
              "default": true
            }
          ],
          "store_path": "/nix/store/7zsgkk9cy34n46hy72g2jqcv4fzfgl3i-gh-2.97.0"
        },
        "x86_64-linux": {
          "outputs": [
            {
              "name": "out",
              "path": "/nix/store/2sy0iwq5r6ha7kj3nax1wdcsh4kf4jai-gh-2.97.0",
              "default": true
            }
          ],
          "store_path": "/nix/store/2sy0iwq5r6ha7kj3nax1wdcsh4kf4jai-gh-2.97.0"
        }
      }
    },
    "git@latest": {
      "last_modified": "2026-08-12T11:28:58Z",
      "resolved": "github:NixOS/nixpkgs/044bfe75bfe4c7bbe043dc17b5e42ea823b84a09#git",
      "source": "devbox-search",
      "version": "2.55.0",
      "systems": {
        "aarch64-darwin": {
          "outputs": [
            {
              "name": "out",
              "path": "/nix/store/hiw6ii978dc8s153v60fzy6myzqxymm7-git-2.55.0",
              "default": true
            },
            {
              "name": "doc",
              "path": "/nix/store/181ykp1mvmh07rq1sqfss8n7s1sc3mlm-git-2.55.0-doc"
            }
          ],
          "store_path": "/nix/store/hiw6ii978dc8s153v60fzy6myzqxymm7-git-2.55.0"
        },
        "aarch64-linux": {
          "outputs": [
            {
              "name": "out",
              "path": "/nix/store/q3pvpkn0qmin7x572p3z32hxz9yny73i-git-2.55.0",
              "default": true
            },
            {
              "name": "debug",
              "path": "/nix/store/5rjalzcb929d9qrxp8v6xxz99vfhmxhn-git-2.55.0-debug"
            },
            {
              "name": "doc",
              "path": "/nix/store/jbfpbknl5qh0cm5zg48gxgb6fzhwvq04-git-2.55.0-doc"
            }
          ],
          "store_path": "/nix/store/q3pvpkn0qmin7x572p3z32hxz9yny73i-git-2.55.0"
        },
        "x86_64-linux": {
          "outputs": [
            {
              "name": "out",
              "path": "/nix/store/8wxs6573l730vxkqd6wp58kvxa19csll-git-2.55.0",
              "default": true
            },
            {
              "name": "debug",
              "path": "/nix/store/3zxdc75ib758dwba0afaj63d33w6z42w-git-2.55.0-debug"
            },
            {
              "name": "doc",
              "path": "/nix/store/h1dp7wlh1saz2d77ajpdpbms1fn56ih8-git-2.55.0-doc"
            }
          ],
          "store_path": "/nix/store/8wxs6573l730vxkqd6wp58kvxa19csll-git-2.55.0"
        }
      }
    },
    "github:NixOS/nixpkgs/nixpkgs-unstable": {
      "last_modified": "2026-08-20T07:12:19Z",
      "resolved": "github:NixOS/nixpkgs/391b592eb44808b3bd0cb80bb71b63a5a118b8bb?lastModified=1787209939&narHash=sha256-WvvHR4kSQLAbtouMC%2FruZ5UpLwlUcY3K4FAllMN%2ByGk%3D"
    },
    "gmailctl@latest": {
      "last_modified": "2026-08-12T11:28:58Z",
      "resolved": "github:NixOS/nixpkgs/044bfe75bfe4c7bbe043dc17b5e42ea823b84a09#gmailctl",
      "source": "devbox-search",
      "version": "0.12.0",
      "systems": {
        "aarch64-darwin": {
          "outputs": [
            {
              "name": "out",
              "path": "/nix/store/sacia1mk23dzdpryaznv83kcfjf5sw36-gmailctl-0.12.0",
              "default": true
            }
          ],
          "store_path": "/nix/store/sacia1mk23dzdpryaznv83kcfjf5sw36-gmailctl-0.12.0"
        },
        "aarch64-linux": {
          "outputs": [
            {
              "name": "out",
              "path": "/nix/store/is4lalfb47hrrpa0kfqaaf89xyspv7ff-gmailctl-0.12.0",
              "default": true
            }
          ],
          "store_path": "/nix/store/is4lalfb47hrrpa0kfqaaf89xyspv7ff-gmailctl-0.12.0"
        },
        "x86_64-darwin": {
          "outputs": [
            {
              "name": "out",
              "path": "/nix/store/bya808inl1zm4sn3nz12971jmgrwrwfb-gmailctl-0.12.0",
              "default": true
            }
          ],
          "store_path": "/nix/store/bya808inl1zm4sn3nz12971jmgrwrwfb-gmailctl-0.12.0"
        },
        "x86_64-linux": {
          "outputs": [
            {
              "name": "out",
              "path": "/nix/store/yzyjys663hczp7s870mk6k4qdz5bas1w-gmailctl-0.12.0",
              "default": true
            }
          ],
          "store_path": "/nix/store/yzyjys663hczp7s870mk6k4qdz5bas1w-gmailctl-0.12.0"
        }
      }
    },
    "go@latest": {
      "last_modified": "2026-08-12T11:28:58Z",
      "resolved": "github:NixOS/nixpkgs/044bfe75bfe4c7bbe043dc17b5e42ea823b84a09#go",
      "source": "devbox-search",
      "version": "1.26.5",
      "systems": {
        "aarch64-darwin": {
          "outputs": [
            {
              "name": "out",
              "path": "/nix/store/4im44k446822ixjai0mdaizqskc90qxr-go-1.26.5",
              "default": true
            }
          ],
          "store_path": "/nix/store/4im44k446822ixjai0mdaizqskc90qxr-go-1.26.5"
        },
        "aarch64-linux": {
          "outputs": [
            {
              "name": "out",
              "path": "/nix/store/yjifjy7qjzm9jli8xhzwy3y6fzw84405-go-1.26.5",
              "default": true
            }
          ],
          "store_path": "/nix/store/yjifjy7qjzm9jli8xhzwy3y6fzw84405-go-1.26.5"
        },
        "x86_64-linux": {
          "outputs": [
            {
              "name": "out",
              "path": "/nix/store/xrgn6m0c5vbz06467q06zdwnk6qqdl7z-go-1.26.5",
              "default": true
            }
          ],
          "store_path": "/nix/store/xrgn6m0c5vbz06467q06zdwnk6qqdl7z-go-1.26.5"
        }
      }
    },
    "htop@latest": {
      "last_modified": "2026-08-16T22:25:34Z",
      "resolved": "github:NixOS/nixpkgs/21e032ff95225fb81164a2b2b696c5f6841fcb62#htop",
      "source": "devbox-search",
      "version": "3.5.3",
      "systems": {
        "aarch64-darwin": {
          "outputs": [
            {
              "name": "out",
              "path": "/nix/store/rnxd55d25d5lpk04x5vl5a514jkwph0h-htop-3.5.3",
              "default": true
            },
            {
              "name": "man",
              "path": "/nix/store/kl1s11a4045jcny8h2l5c81zfg1nxm41-htop-3.5.3-man",
              "default": true
            }
          ],
          "store_path": "/nix/store/rnxd55d25d5lpk04x5vl5a514jkwph0h-htop-3.5.3"
        },
        "aarch64-linux": {
          "outputs": [
            {
              "name": "out",
              "path": "/nix/store/lla3fnb4da7qdv8saw6rsc50a80lir2c-htop-3.5.3",
              "default": true
            },
            {
              "name": "man",
              "path": "/nix/store/jbmc557nsbi0bkii6whfhh7dm02klw7n-htop-3.5.3-man",
              "default": true
            }
          ],
          "store_path": "/nix/store/lla3fnb4da7qdv8saw6rsc50a80lir2c-htop-3.5.3"
        },
        "x86_64-linux": {
          "outputs": [
            {
              "name": "out",
              "path": "/nix/store/pwfbsi2hr9nrc3k8idbl41h8na46li57-htop-3.5.3",
              "default": true
            },
            {
              "name": "man",
              "path": "/nix/store/d8gdbrypk96njdkg5lpwb893js72xxqv-htop-3.5.3-man",
              "default": true
            }
          ],
          "store_path": "/nix/store/pwfbsi2hr9nrc3k8idbl41h8na46li57-htop-3.5.3"
        }
      }
    },
    "jujutsu@latest": {
      "last_modified": "2026-08-12T11:28:58Z",
      "resolved": "github:NixOS/nixpkgs/044bfe75bfe4c7bbe043dc17b5e42ea823b84a09#jujutsu",
      "source": "devbox-search",
      "version": "0.44.0",
      "systems": {
        "aarch64-darwin": {
          "outputs": [
            {
              "name": "out",
              "path": "/nix/store/17z0f78ys9r146lr5hj66rb8xgab5d4c-jujutsu-0.44.0",
              "default": true
            }
          ],
          "store_path": "/nix/store/17z0f78ys9r146lr5hj66rb8xgab5d4c-jujutsu-0.44.0"
        },
        "aarch64-linux": {
          "outputs": [
            {
              "name": "out",
              "path": "/nix/store/bjfgimb5x0b1s90n8hdk9pz0sc29im9k-jujutsu-0.44.0",
              "default": true
            }
          ],
          "store_path": "/nix/store/bjfgimb5x0b1s90n8hdk9pz0sc29im9k-jujutsu-0.44.0"
        },
        "x86_64-linux": {
          "outputs": [
            {
              "name": "out",
              "path": "/nix/store/scvqqmsavrrxvj0k9gwvavp007jrpkhs-jujutsu-0.44.0",
              "default": true
            }
          ],
          "store_path": "/nix/store/scvqqmsavrrxvj0k9gwvavp007jrpkhs-jujutsu-0.44.0"
        }
      }
    },
    "keep-sorted@latest": {
      "last_modified": "2026-08-12T11:28:58Z",
      "resolved": "github:NixOS/nixpkgs/044bfe75bfe4c7bbe043dc17b5e42ea823b84a09#keep-sorted",
      "source": "devbox-search",
      "version": "0.9.0",
      "systems": {
        "aarch64-darwin": {
          "outputs": [
            {
              "name": "out",
              "path": "/nix/store/3jrbl3smcd37pdzyad56arh3j4lln4dc-keep-sorted-0.9.0",
              "default": true
            }
          ],
          "store_path": "/nix/store/3jrbl3smcd37pdzyad56arh3j4lln4dc-keep-sorted-0.9.0"
        },
        "aarch64-linux": {
          "outputs": [
            {
              "name": "out",
              "path": "/nix/store/w8dgppkwm82j5j6jfn8v39mm5qv2md10-keep-sorted-0.9.0",
              "default": true
            }
          ],
          "store_path": "/nix/store/w8dgppkwm82j5j6jfn8v39mm5qv2md10-keep-sorted-0.9.0"
        },
        "x86_64-darwin": {
          "outputs": [
            {
              "name": "out",
              "path": "/nix/store/77809c720174v84jhbxhici68b541nj9-keep-sorted-0.9.0",
              "default": true
            }
          ],
          "store_path": "/nix/store/77809c720174v84jhbxhici68b541nj9-keep-sorted-0.9.0"
        },
        "x86_64-linux": {
          "outputs": [
            {
              "name": "out",
              "path": "/nix/store/82m5isgzn3l8s2dvzfz0hcr2yhvxjpc7-keep-sorted-0.9.0",
              "default": true
            }
          ],
          "store_path": "/nix/store/82m5isgzn3l8s2dvzfz0hcr2yhvxjpc7-keep-sorted-0.9.0"
        }
      }
    },
    "micro@latest": {
      "last_modified": "2026-08-12T11:28:58Z",
      "resolved": "github:NixOS/nixpkgs/044bfe75bfe4c7bbe043dc17b5e42ea823b84a09#micro",
      "source": "devbox-search",
      "version": "2.0.15",
      "systems": {
        "aarch64-darwin": {
          "outputs": [
            {
              "name": "out",
              "path": "/nix/store/qzhn95j1j8fzg36blcc5di8k2klvr8d6-micro-2.0.15",
              "default": true
            },
            {
              "name": "man",
              "path": "/nix/store/hm7d31vr2209i3hg55x1rmrxbzl4q5ri-micro-2.0.15-man",
              "default": true
            }
          ],
          "store_path": "/nix/store/qzhn95j1j8fzg36blcc5di8k2klvr8d6-micro-2.0.15"
        },
        "aarch64-linux": {
          "outputs": [
            {
              "name": "out",
              "path": "/nix/store/0ng0mrnbbsz81547z8xbldqmcdncs9nh-micro-2.0.15",
              "default": true
            },
            {
              "name": "man",
              "path": "/nix/store/98y95hsz5kyblscqz1d7y6r7zij0ckyk-micro-2.0.15-man",
              "default": true
            }
          ],
          "store_path": "/nix/store/0ng0mrnbbsz81547z8xbldqmcdncs9nh-micro-2.0.15"
        },
        "x86_64-darwin": {
          "outputs": [
            {
              "name": "out",
              "path": "/nix/store/f8kmahlg7zidszmczmb2w0zwypc6hg24-micro-2.0.15",
              "default": true
            },
            {
              "name": "man",
              "path": "/nix/store/vicc9hmi589g2vlllnri1jspyw9sfbkr-micro-2.0.15-man",
              "default": true
            }
          ],
          "store_path": "/nix/store/f8kmahlg7zidszmczmb2w0zwypc6hg24-micro-2.0.15"
        },
        "x86_64-linux": {
          "outputs": [
            {
              "name": "out",
              "path": "/nix/store/3q3yndbvgdsa8z37mxjhbkvl5bm79j2k-micro-2.0.15",
              "default": true
            },
            {
              "name": "man",
              "path": "/nix/store/jkcdi6hd96yfm84igq8kd2nys7q0jvs2-micro-2.0.15-man",
              "default": true
            }
          ],
          "store_path": "/nix/store/3q3yndbvgdsa8z37mxjhbkvl5bm79j2k-micro-2.0.15"
        }
      }
    },
    "mosh@latest": {
      "last_modified": "2026-08-12T11:28:58Z",
      "resolved": "github:NixOS/nixpkgs/044bfe75bfe4c7bbe043dc17b5e42ea823b84a09#mosh",
      "source": "devbox-search",
      "version": "1.4.0",
      "systems": {
        "aarch64-darwin": {
          "outputs": [
            {
              "name": "out",
              "path": "/nix/store/2np9jg85hjbax77rd2h1qz9y5ia12n00-mosh-1.4.0",
              "default": true
            }
          ],
          "store_path": "/nix/store/2np9jg85hjbax77rd2h1qz9y5ia12n00-mosh-1.4.0"
        },
        "aarch64-linux": {
          "outputs": [
            {
              "name": "out",
              "path": "/nix/store/09ngjbb07c7lp0l5w9d1y4dln2ryj4s1-mosh-1.4.0",
              "default": true
            }
          ],
          "store_path": "/nix/store/09ngjbb07c7lp0l5w9d1y4dln2ryj4s1-mosh-1.4.0"
        },
        "x86_64-darwin": {
          "outputs": [
            {
              "name": "out",
              "path": "/nix/store/0nlpysgcif6a4mb5v6941g4b22ygip9n-mosh-1.4.0",
              "default": true
            }
          ],
          "store_path": "/nix/store/0nlpysgcif6a4mb5v6941g4b22ygip9n-mosh-1.4.0"
        },
        "x86_64-linux": {
          "outputs": [
            {
              "name": "out",
              "path": "/nix/store/qdb9wcmqxbdmms6h41cwpb76p7y5dfa4-mosh-1.4.0",
              "default": true
            }
          ],
          "store_path": "/nix/store/qdb9wcmqxbdmms6h41cwpb76p7y5dfa4-mosh-1.4.0"
        }
      }
    },
    "mutagen@latest": {
      "last_modified": "2026-08-12T11:28:58Z",
      "resolved": "github:NixOS/nixpkgs/044bfe75bfe4c7bbe043dc17b5e42ea823b84a09#mutagen",
      "source": "devbox-search",
      "version": "0.18.1",
      "systems": {
        "aarch64-darwin": {
          "outputs": [
            {
              "name": "out",
              "path": "/nix/store/pnzadl8yxwz5zchjfb512skh8dxxxa5f-mutagen-0.18.1",
              "default": true
            }
          ],
          "store_path": "/nix/store/pnzadl8yxwz5zchjfb512skh8dxxxa5f-mutagen-0.18.1"
        },
        "aarch64-linux": {
          "outputs": [
            {
              "name": "out",
              "path": "/nix/store/j5d0q90l5666sfwcf85rpb5bj61f246z-mutagen-0.18.1",
              "default": true
            }
          ],
          "store_path": "/nix/store/j5d0q90l5666sfwcf85rpb5bj61f246z-mutagen-0.18.1"
        },
        "x86_64-darwin": {
          "outputs": [
            {
              "name": "out",
              "path": "/nix/store/77z2g6rlg8sf0b9zkzjg3q5v6hcgxdm7-mutagen-0.18.1",
              "default": true
            }
          ],
          "store_path": "/nix/store/77z2g6rlg8sf0b9zkzjg3q5v6hcgxdm7-mutagen-0.18.1"
        },
        "x86_64-linux": {
          "outputs": [
            {
              "name": "out",
              "path": "/nix/store/8xdgq1ylvmis0125v0kp7yc58xps8y7n-mutagen-0.18.1",
              "default": true
            }
          ],
          "store_path": "/nix/store/8xdgq1ylvmis0125v0kp7yc58xps8y7n-mutagen-0.18.1"
        }
      }
    },
    "pdftk@latest": {
      "last_modified": "2026-08-12T11:28:58Z",
      "resolved": "github:NixOS/nixpkgs/044bfe75bfe4c7bbe043dc17b5e42ea823b84a09#pdftk",
      "source": "devbox-search",
      "version": "3.3.3",
      "systems": {
        "aarch64-darwin": {
          "outputs": [
            {
              "name": "out",
              "path": "/nix/store/krkf32d8awk5r35jisqlnl0hk0wkh2r8-pdftk-3.3.3",
              "default": true
            }
          ],
          "store_path": "/nix/store/krkf32d8awk5r35jisqlnl0hk0wkh2r8-pdftk-3.3.3"
        },
        "aarch64-linux": {
          "outputs": [
            {
              "name": "out",
              "path": "/nix/store/sq78wwpmdchqfh2989ri831d6zvq8gi0-pdftk-3.3.3",
              "default": true
            }
          ],
          "store_path": "/nix/store/sq78wwpmdchqfh2989ri831d6zvq8gi0-pdftk-3.3.3"
        },
        "x86_64-darwin": {
          "outputs": [
            {
              "name": "out",
              "path": "/nix/store/km3sizllcff5svmss3xap307amviwh3l-pdftk-3.3.3",
              "default": true
            }
          ],
          "store_path": "/nix/store/km3sizllcff5svmss3xap307amviwh3l-pdftk-3.3.3"
        },
        "x86_64-linux": {
          "outputs": [
            {
              "name": "out",
              "path": "/nix/store/6wp91r59icc48wp8hs00irh5ly5y8ncn-pdftk-3.3.3",
              "default": true
            }
          ],
          "store_path": "/nix/store/6wp91r59icc48wp8hs00irh5ly5y8ncn-pdftk-3.3.3"
        }
      }
    },
    "shellcheck@latest": {
      "last_modified": "2026-08-12T11:28:58Z",
      "resolved": "github:NixOS/nixpkgs/044bfe75bfe4c7bbe043dc17b5e42ea823b84a09#shellcheck",
      "source": "devbox-search",
      "version": "0.11.0",
      "systems": {
        "aarch64-darwin": {
          "outputs": [
            {
              "name": "bin",
              "path": "/nix/store/gi827lccv5k11jinbnkcd02v5hbpsq7a-shellcheck-0.11.0-bin",
              "default": true
            },
            {
              "name": "man",
              "path": "/nix/store/gzgsa9pqgq0gj1sg80gx1yq22hy15lxg-shellcheck-0.11.0-man",
              "default": true
            },
            {
              "name": "doc",
              "path": "/nix/store/c8ssyf0il21j4lxf87084z29ak94xzj3-shellcheck-0.11.0-doc",
              "default": true
            },
            {
              "name": "out",
              "path": "/nix/store/37akanimvwnl1nf8jq5rxc2282zy20fy-shellcheck-0.11.0"
            }
          ],
          "store_path": "/nix/store/gi827lccv5k11jinbnkcd02v5hbpsq7a-shellcheck-0.11.0-bin"
        },
        "aarch64-linux": {
          "outputs": [
            {
              "name": "bin",
              "path": "/nix/store/ni99f5g4r74wx0ggjxfagkngk3yr88vm-shellcheck-0.11.0-bin",
              "default": true
            },
            {
              "name": "man",
              "path": "/nix/store/2gr73dqyg75n9l3d817647mxvzh26wb0-shellcheck-0.11.0-man",
              "default": true
            },
            {
              "name": "doc",
              "path": "/nix/store/g8hrxkkmxw516rb85ng17wkvm28p89pr-shellcheck-0.11.0-doc",
              "default": true
            },
            {
              "name": "out",
              "path": "/nix/store/x71fxri315zv93wrpnny81fxdqfrjngl-shellcheck-0.11.0"
            }
          ],
          "store_path": "/nix/store/ni99f5g4r74wx0ggjxfagkngk3yr88vm-shellcheck-0.11.0-bin"
        },
        "x86_64-darwin": {
          "outputs": [
            {
              "name": "bin",
              "path": "/nix/store/68yldspq5p1gxa79ghprb1njskk36ax2-shellcheck-0.11.0-bin",
              "default": true
            },
            {
              "name": "man",
              "path": "/nix/store/90d8x14kmdq8fa12d5azjwdnp4z55q8b-shellcheck-0.11.0-man",
              "default": true
            },
            {
              "name": "doc",
              "path": "/nix/store/4sk9v7wwdh2sia6wi3rknvvvm52wqg6r-shellcheck-0.11.0-doc",
              "default": true
            },
            {
              "name": "out",
              "path": "/nix/store/crl9a7fkfbpjbzgwj5nwpj57bmj7z940-shellcheck-0.11.0"
            }
          ],
          "store_path": "/nix/store/68yldspq5p1gxa79ghprb1njskk36ax2-shellcheck-0.11.0-bin"
        },
        "x86_64-linux": {
          "outputs": [
            {
              "name": "bin",
              "path": "/nix/store/arx11b315ynql817kgf0548307zm8w4r-shellcheck-0.11.0-bin",
              "default": true
            },
            {
              "name": "man",
              "path": "/nix/store/in81hnf2nqr1rjj30g4gs06qd6wj6kpc-shellcheck-0.11.0-man",
              "default": true
            },
            {
              "name": "doc",
              "path": "/nix/store/r0lr0clv3lbqbqy5pzh4ypr90jl87dll-shellcheck-0.11.0-doc",
              "default": true
            },
            {
              "name": "out",
              "path": "/nix/store/jfmvz8r53vma10savggy378w54fxr6n3-shellcheck-0.11.0"
            }
          ],
          "store_path": "/nix/store/arx11b315ynql817kgf0548307zm8w4r-shellcheck-0.11.0-bin"
        }
      }
    },
    "src-cli@latest": {
      "last_modified": "2026-08-12T11:28:58Z",
      "resolved": "github:NixOS/nixpkgs/044bfe75bfe4c7bbe043dc17b5e42ea823b84a09#src-cli",
      "source": "devbox-search",
      "version": "7.6.0",
      "systems": {
        "aarch64-darwin": {
          "outputs": [
            {
              "name": "out",
              "path": "/nix/store/pvvf4a6y140ajgdsmrp7yrcx27nc3dqj-src-cli-7.6.0",
              "default": true
            }
          ],
          "store_path": "/nix/store/pvvf4a6y140ajgdsmrp7yrcx27nc3dqj-src-cli-7.6.0"
        },
        "aarch64-linux": {
          "outputs": [
            {
              "name": "out",
              "path": "/nix/store/0v19zyrbhyv35a9idpf017cqc95qkcp1-src-cli-7.6.0",
              "default": true
            }
          ],
          "store_path": "/nix/store/0v19zyrbhyv35a9idpf017cqc95qkcp1-src-cli-7.6.0"
        },
        "x86_64-linux": {
          "outputs": [
            {
              "name": "out",
              "path": "/nix/store/ixfrsm7w4miz8v6h6qhypl7zxy1wi7y2-src-cli-7.6.0",
              "default": true
            }
          ],
          "store_path": "/nix/store/ixfrsm7w4miz8v6h6qhypl7zxy1wi7y2-src-cli-7.6.0"
        }
      }
    },
    "sshpass@latest": {
      "last_modified": "2026-08-12T11:28:58Z",
      "resolved": "github:NixOS/nixpkgs/044bfe75bfe4c7bbe043dc17b5e42ea823b84a09#sshpass",
      "source": "devbox-search",
      "version": "1.10",
      "systems": {
        "aarch64-darwin": {
          "outputs": [
            {
              "name": "out",
              "path": "/nix/store/a6c28hicq02jpy946sl8vzhj8bwkbvyq-sshpass-1.10",
              "default": true
            }
          ],
          "store_path": "/nix/store/a6c28hicq02jpy946sl8vzhj8bwkbvyq-sshpass-1.10"
        },
        "aarch64-linux": {
          "outputs": [
            {
              "name": "out",
              "path": "/nix/store/f3qxvwx6r1mhr0f47bqi9vci5i04fmxc-sshpass-1.10",
              "default": true
            }
          ],
          "store_path": "/nix/store/f3qxvwx6r1mhr0f47bqi9vci5i04fmxc-sshpass-1.10"
        },
        "x86_64-darwin": {
          "outputs": [
            {
              "name": "out",
              "path": "/nix/store/30kr31149dx8mcnwnnav03i4fjaw0d09-sshpass-1.10",
              "default": true
            }
          ],
          "store_path": "/nix/store/30kr31149dx8mcnwnnav03i4fjaw0d09-sshpass-1.10"
        },
        "x86_64-linux": {
          "outputs": [
            {
              "name": "out",
              "path": "/nix/store/r1005dhll0k4n5k0ld3x1gzr0yhd1xv9-sshpass-1.10",
              "default": true
            }
          ],
          "store_path": "/nix/store/r1005dhll0k4n5k0ld3x1gzr0yhd1xv9-sshpass-1.10"
        }
      }
    },
    "tmux@latest": {
      "last_modified": "2026-06-29T11:10:55Z",
      "resolved": "github:NixOS/nixpkgs/9c4c05a947a91dc14625265fab505fb695e93218#tmux",
      "source": "devbox-search",
      "version": "3.7",
      "systems": {
        "aarch64-darwin": {
          "outputs": [
            {
              "name": "out",
              "path": "/nix/store/qwv02z5zz1w5a7zp9f5n9cvya9irsi0d-tmux-3.7",
              "default": true
            },
            {
              "name": "man",
              "path": "/nix/store/9bp371vjn5ahs9z95mya79am375pnydd-tmux-3.7-man",
              "default": true
            }
          ],
          "store_path": "/nix/store/qwv02z5zz1w5a7zp9f5n9cvya9irsi0d-tmux-3.7"
        },
        "aarch64-linux": {
          "outputs": [
            {
              "name": "out",
              "path": "/nix/store/6casznjgcl0746l8lm96206g0c2wcqic-tmux-3.7",
              "default": true
            },
            {
              "name": "man",
              "path": "/nix/store/zpywda5dy8fd7y047rznkyqi0bxv4ncg-tmux-3.7-man",
              "default": true
            }
          ],
          "store_path": "/nix/store/6casznjgcl0746l8lm96206g0c2wcqic-tmux-3.7"
        },
        "x86_64-darwin": {
          "outputs": [
            {
              "name": "out",
              "path": "/nix/store/jqlg9gi2h0hna454yq9z3kvgppj5slg8-tmux-3.7",
              "default": true
            },
            {
              "name": "man",
              "path": "/nix/store/axwf2as5yqmj73b312ym10n07f9gzzif-tmux-3.7-man",
              "default": true
            }
          ],
          "store_path": "/nix/store/jqlg9gi2h0hna454yq9z3kvgppj5slg8-tmux-3.7"
        },
        "x86_64-linux": {
          "outputs": [
            {
              "name": "out",
              "path": "/nix/store/7gymypzb9vclhpwphkya6x1ykpf4gkx2-tmux-3.7",
              "default": true
            },
            {
              "name": "man",
              "path": "/nix/store/0h9lbd8msi4i7blxldxzc0jb4b1k10r0-tmux-3.7-man",
              "default": true
            }
          ],
          "store_path": "/nix/store/7gymypzb9vclhpwphkya6x1ykpf4gkx2-tmux-3.7"
        }
      }
    },
    "uv@latest": {
      "last_modified": "2026-08-12T11:28:58Z",
      "resolved": "github:NixOS/nixpkgs/044bfe75bfe4c7bbe043dc17b5e42ea823b84a09#uv",
      "source": "devbox-search",
      "version": "0.12.3",
      "systems": {
        "aarch64-darwin": {
          "outputs": [
            {
              "name": "out",
              "path": "/nix/store/w6r4ykaxgl0jmrqmqlw5kwsx07ja6lxh-uv-0.12.3",
              "default": true
            }
          ],
          "store_path": "/nix/store/w6r4ykaxgl0jmrqmqlw5kwsx07ja6lxh-uv-0.12.3"
        },
        "aarch64-linux": {
          "outputs": [
            {
              "name": "out",
              "path": "/nix/store/6x7f8wy41ykhxifqh01qcjzadsc34qwr-uv-0.12.3",
              "default": true
            }
          ],
          "store_path": "/nix/store/6x7f8wy41ykhxifqh01qcjzadsc34qwr-uv-0.12.3"
        },
        "x86_64-linux": {
          "outputs": [
            {
              "name": "out",
              "path": "/nix/store/qhm6hxj4whqi9cv5bl0f5sq1xfgj3bvw-uv-0.12.3",
              "default": true
            }
          ],
          "store_path": "/nix/store/qhm6hxj4whqi9cv5bl0f5sq1xfgj3bvw-uv-0.12.3"
        }
      }
    },
    "viddy@latest": {
      "last_modified": "2026-08-12T11:28:58Z",
      "resolved": "github:NixOS/nixpkgs/044bfe75bfe4c7bbe043dc17b5e42ea823b84a09#viddy",
      "source": "devbox-search",
      "version": "1.3.1",
      "systems": {
        "aarch64-darwin": {
          "outputs": [
            {
              "name": "out",
              "path": "/nix/store/6n36zldqx131lzj4pfz57rp87yk47f5d-viddy-1.3.1",
              "default": true
            }
          ],
          "store_path": "/nix/store/6n36zldqx131lzj4pfz57rp87yk47f5d-viddy-1.3.1"
        },
        "aarch64-linux": {
          "outputs": [
            {
              "name": "out",
              "path": "/nix/store/dkcsdqgxw9xs6pl5f73jwp1rkwnfwfpw-viddy-1.3.1",
              "default": true
            }
          ],
          "store_path": "/nix/store/dkcsdqgxw9xs6pl5f73jwp1rkwnfwfpw-viddy-1.3.1"
        },
        "x86_64-darwin": {
          "outputs": [
            {
              "name": "out",
              "path": "/nix/store/swqk0ksaahrc554m2p3bd76p2j5gkdwv-viddy-1.3.1",
              "default": true
            }
          ],
          "store_path": "/nix/store/swqk0ksaahrc554m2p3bd76p2j5gkdwv-viddy-1.3.1"
        },
        "x86_64-linux": {
          "outputs": [
            {
              "name": "out",
              "path": "/nix/store/rwcjzgn0zpic78dm0csnljrqcnnvca3s-viddy-1.3.1",
              "default": true
            }
          ],
          "store_path": "/nix/store/rwcjzgn0zpic78dm0csnljrqcnnvca3s-viddy-1.3.1"
        }
      }
    },
    "watchman@latest": {
      "last_modified": "2026-08-14T06:48:10Z",
      "resolved": "github:NixOS/nixpkgs/f2b17eb1b90f6a359082035b4538d4c63017aec3#watchman",
      "source": "devbox-search",
      "version": "2026.07.27.00",
      "systems": {
        "aarch64-darwin": {
          "outputs": [
            {
              "name": "out",
              "path": "/nix/store/7plb22zwa997d8pwlgs21lv2pjqimfhx-watchman-2026.07.27.00",
              "default": true
            }
          ],
          "store_path": "/nix/store/7plb22zwa997d8pwlgs21lv2pjqimfhx-watchman-2026.07.27.00"
        },
        "aarch64-linux": {
          "outputs": [
            {
              "name": "out",
              "path": "/nix/store/q22kgfvz02x5r27zhhwzmbkhpf7mr9fg-watchman-2026.07.27.00",
              "default": true
            }
          ],
          "store_path": "/nix/store/q22kgfvz02x5r27zhhwzmbkhpf7mr9fg-watchman-2026.07.27.00"
        },
        "x86_64-linux": {
          "outputs": [
            {
              "name": "out",
              "path": "/nix/store/lzsc5f6h0pw7pfa5j4npsaiwxnm01z68-watchman-2026.07.27.00",
              "default": true
            }
          ],
          "store_path": "/nix/store/lzsc5f6h0pw7pfa5j4npsaiwxnm01z68-watchman-2026.07.27.00"
        }
      }
    },
    "zsh-abbr@latest": {
      "last_modified": "2026-08-12T11:28:58Z",
      "resolved": "github:NixOS/nixpkgs/044bfe75bfe4c7bbe043dc17b5e42ea823b84a09#zsh-abbr",
      "source": "devbox-search",
      "version": "6.5.2",
      "systems": {
        "aarch64-darwin": {
          "outputs": [
            {
              "name": "out",
              "path": "/nix/store/rmmw2p770fma2hb8r3nssbdfi41bzxrd-zsh-abbr-6.5.2",
              "default": true
            }
          ],
          "store_path": "/nix/store/rmmw2p770fma2hb8r3nssbdfi41bzxrd-zsh-abbr-6.5.2"
        },
        "aarch64-linux": {
          "outputs": [
            {
              "name": "out",
              "path": "/nix/store/qaz1zdnzpk00x2m91i8qm9vkrp47p535-zsh-abbr-6.5.2",
              "default": true
            }
          ],
          "store_path": "/nix/store/qaz1zdnzpk00x2m91i8qm9vkrp47p535-zsh-abbr-6.5.2"
        },
        "x86_64-darwin": {
          "outputs": [
            {
              "name": "out",
              "path": "/nix/store/2x2zgl5rv4sxrvvga1zv05r6svx1q13v-zsh-abbr-6.5.2",
              "default": true
            }
          ],
          "store_path": "/nix/store/2x2zgl5rv4sxrvvga1zv05r6svx1q13v-zsh-abbr-6.5.2"
        },
        "x86_64-linux": {
          "outputs": [
            {
              "name": "out",
              "path": "/nix/store/r9l4wccrqjw4jjqqn5mhdm8yfiv8cz97-zsh-abbr-6.5.2",
              "default": true
            }
          ],
          "store_path": "/nix/store/r9l4wccrqjw4jjqqn5mhdm8yfiv8cz97-zsh-abbr-6.5.2"
        }
      }
    },
    "zsh@latest": {
      "last_modified": "2026-08-12T11:28:58Z",
      "resolved": "github:NixOS/nixpkgs/044bfe75bfe4c7bbe043dc17b5e42ea823b84a09#zsh",
      "source": "devbox-search",
      "version": "5.9.2",
      "systems": {
        "aarch64-darwin": {
          "outputs": [
            {
              "name": "out",
              "path": "/nix/store/ibgzazi9d60sj820zwca4fffpp1f5ahq-zsh-5.9.2",
              "default": true
            },
            {
              "name": "man",
              "path": "/nix/store/49x0brsz7f6k83frna05ww1fqlaf732w-zsh-5.9.2-man",
              "default": true
            },
            {
              "name": "doc",
              "path": "/nix/store/13zqpmr5g98vywaa09fdljid5h73yabp-zsh-5.9.2-doc"
            },
            {
              "name": "info",
              "path": "/nix/store/yffgh2nhi6xkxqsswib0kv7a3ahqpajy-zsh-5.9.2-info"
            }
          ],
          "store_path": "/nix/store/ibgzazi9d60sj820zwca4fffpp1f5ahq-zsh-5.9.2"
        },
        "aarch64-linux": {
          "outputs": [
            {
              "name": "out",
              "path": "/nix/store/ciibch296bcqk7ylgas89444afcxsw22-zsh-5.9.2",
              "default": true
            },
            {
              "name": "man",
              "path": "/nix/store/cgcaslczaxg8s8082l9dmxkyi8y7cfkh-zsh-5.9.2-man",
              "default": true
            },
            {
              "name": "doc",
              "path": "/nix/store/md6sh1cbqg6a0ys4jdpzhncxsqq6h8kr-zsh-5.9.2-doc"
            },
            {
              "name": "info",
              "path": "/nix/store/b67m39s57fbish7vhjhyck1f2j337war-zsh-5.9.2-info"
            }
          ],
          "store_path": "/nix/store/ciibch296bcqk7ylgas89444afcxsw22-zsh-5.9.2"
        },
        "x86_64-linux": {
          "outputs": [
            {
              "name": "out",
              "path": "/nix/store/8aprjbczx0admjfd7zrjafk236zib0mv-zsh-5.9.2",
              "default": true
            },
            {
              "name": "man",
              "path": "/nix/store/3iqng4wd1ads2jw10bng8pkvl2nk2s9r-zsh-5.9.2-man",
              "default": true
            },
            {
              "name": "doc",
              "path": "/nix/store/2hp45q7h3p3g5110is7hgi41hbinchdb-zsh-5.9.2-doc"
            },
            {
              "name": "info",
              "path": "/nix/store/p8f3h886z7qdaqxj29dy04swkhw3wz3h-zsh-5.9.2-info"
            }
          ],
          "store_path": "/nix/store/8aprjbczx0admjfd7zrjafk236zib0mv-zsh-5.9.2"
        }
      }
    }
  }
}
