{
  "lockfile_version": "1",
  "packages": {
    "antigen@latest": {
      "last_modified": "2025-12-31T03:27:36Z",
      "resolved": "github:NixOS/nixpkgs/f665af0cdb70ed27e1bd8f9fdfecaf451260fc55#antigen",
      "source": "devbox-search",
      "version": "2.2.3",
      "systems": {
        "aarch64-darwin": {
          "outputs": [
            {
              "name": "out",
              "path": "/nix/store/imyaf8scb9zasq8yaflzy00835asi4sk-antigen-2.2.3",
              "default": true
            }
          ],
          "store_path": "/nix/store/imyaf8scb9zasq8yaflzy00835asi4sk-antigen-2.2.3"
        },
        "aarch64-linux": {
          "outputs": [
            {
              "name": "out",
              "path": "/nix/store/7my90gg1ryamvzv80z36rfhwhzbm2dhv-antigen-2.2.3",
              "default": true
            }
          ],
          "store_path": "/nix/store/7my90gg1ryamvzv80z36rfhwhzbm2dhv-antigen-2.2.3"
        },
        "x86_64-darwin": {
          "outputs": [
            {
              "name": "out",
              "path": "/nix/store/pywxh77wpwxhdkaf7h5v3rfynd4lbrhz-antigen-2.2.3",
              "default": true
            }
          ],
          "store_path": "/nix/store/pywxh77wpwxhdkaf7h5v3rfynd4lbrhz-antigen-2.2.3"
        },
        "x86_64-linux": {
          "outputs": [
            {
              "name": "out",
              "path": "/nix/store/fbzqay83jqhg74x30r60j2gha00jlmsp-antigen-2.2.3",
              "default": true
            }
          ],
          "store_path": "/nix/store/fbzqay83jqhg74x30r60j2gha00jlmsp-antigen-2.2.3"
        }
      }
    },
    "bat@latest": {
      "last_modified": "2025-12-31T03:27:36Z",
      "resolved": "github:NixOS/nixpkgs/f665af0cdb70ed27e1bd8f9fdfecaf451260fc55#bat",
      "source": "devbox-search",
      "version": "0.26.1",
      "systems": {
        "aarch64-darwin": {
          "outputs": [
            {
              "name": "out",
              "path": "/nix/store/31hsx3rdn4jsvs7qfh6s0rdfhwwhvy6g-bat-0.26.1",
              "default": true
            }
          ],
          "store_path": "/nix/store/31hsx3rdn4jsvs7qfh6s0rdfhwwhvy6g-bat-0.26.1"
        },
        "aarch64-linux": {
          "outputs": [
            {
              "name": "out",
              "path": "/nix/store/6gs5y7mkdnn6npy2l7cmvd8idhwx9rq2-bat-0.26.1",
              "default": true
            }
          ],
          "store_path": "/nix/store/6gs5y7mkdnn6npy2l7cmvd8idhwx9rq2-bat-0.26.1"
        },
        "x86_64-darwin": {
          "outputs": [
            {
              "name": "out",
              "path": "/nix/store/8052ikd7wwfdy6lphcj24f3y4phx7jnp-bat-0.26.1",
              "default": true
            }
          ],
          "store_path": "/nix/store/8052ikd7wwfdy6lphcj24f3y4phx7jnp-bat-0.26.1"
        },
        "x86_64-linux": {
          "outputs": [
            {
              "name": "out",
              "path": "/nix/store/sxdakc675lzsyp0zjmffgchyn66g9lni-bat-0.26.1",
              "default": true
            }
          ],
          "store_path": "/nix/store/sxdakc675lzsyp0zjmffgchyn66g9lni-bat-0.26.1"
        }
      }
    },
    "claude-code@latest": {
      "last_modified": "2026-01-19T00:39:23Z",
      "resolved": "github:NixOS/nixpkgs/bde09022887110deb780067364a0818e89258968#claude-code",
      "source": "devbox-search",
      "version": "2.1.12",
      "systems": {
        "aarch64-darwin": {
          "outputs": [
            {
              "name": "out",
              "path": "/nix/store/0g9yj2rca68lymfsk1pqgz9i99ifsmij-claude-code-2.1.12",
              "default": true
            }
          ],
          "store_path": "/nix/store/0g9yj2rca68lymfsk1pqgz9i99ifsmij-claude-code-2.1.12"
        },
        "aarch64-linux": {
          "outputs": [
            {
              "name": "out",
              "path": "/nix/store/szp2x6dxrczlxyx4c777jh66s7c3rxfz-claude-code-2.1.12",
              "default": true
            }
          ],
          "store_path": "/nix/store/szp2x6dxrczlxyx4c777jh66s7c3rxfz-claude-code-2.1.12"
        },
        "x86_64-darwin": {
          "outputs": [
            {
              "name": "out",
              "path": "/nix/store/x39bz1nnm238dzw3ljch6d4clp2j55iq-claude-code-2.1.12",
              "default": true
            }
          ],
          "store_path": "/nix/store/x39bz1nnm238dzw3ljch6d4clp2j55iq-claude-code-2.1.12"
        },
        "x86_64-linux": {
          "outputs": [
            {
              "name": "out",
              "path": "/nix/store/a9h24gmidf2p7jm9m6k0cppwiw1pr3y0-claude-code-2.1.12",
              "default": true
            }
          ],
          "store_path": "/nix/store/a9h24gmidf2p7jm9m6k0cppwiw1pr3y0-claude-code-2.1.12"
        }
      }
    },
    "codex@latest": {
      "last_modified": "2026-01-19T00:39:23Z",
      "resolved": "github:NixOS/nixpkgs/bde09022887110deb780067364a0818e89258968#codex",
      "source": "devbox-search",
      "version": "0.87.0",
      "systems": {
        "aarch64-darwin": {
          "outputs": [
            {
              "name": "out",
              "path": "/nix/store/wjfswri6jdw0nwp4w6phdn95ii2hjsxr-codex-0.87.0",
              "default": true
            }
          ],
          "store_path": "/nix/store/wjfswri6jdw0nwp4w6phdn95ii2hjsxr-codex-0.87.0"
        },
        "aarch64-linux": {
          "outputs": [
            {
              "name": "out",
              "path": "/nix/store/8lf2kqfnnmi30h2dcay973afvaazwvkx-codex-0.87.0",
              "default": true
            }
          ],
          "store_path": "/nix/store/8lf2kqfnnmi30h2dcay973afvaazwvkx-codex-0.87.0"
        },
        "x86_64-darwin": {
          "outputs": [
            {
              "name": "out",
              "path": "/nix/store/dyy2illdfz8ahbcn4vcaqicxvl3gl9ks-codex-0.87.0",
              "default": true
            }
          ],
          "store_path": "/nix/store/dyy2illdfz8ahbcn4vcaqicxvl3gl9ks-codex-0.87.0"
        },
        "x86_64-linux": {
          "outputs": [
            {
              "name": "out",
              "path": "/nix/store/nw02ip14kfgidlkhnm296qxwa9p5blzq-codex-0.87.0",
              "default": true
            }
          ],
          "store_path": "/nix/store/nw02ip14kfgidlkhnm296qxwa9p5blzq-codex-0.87.0"
        }
      }
    },
    "delta@latest": {
      "last_modified": "2025-12-31T03:27:36Z",
      "resolved": "github:NixOS/nixpkgs/f665af0cdb70ed27e1bd8f9fdfecaf451260fc55#delta",
      "source": "devbox-search",
      "version": "0.18.2",
      "systems": {
        "aarch64-darwin": {
          "outputs": [
            {
              "name": "out",
              "path": "/nix/store/zgg57n7h2ksgnzm5aarjs914hh751md4-delta-0.18.2",
              "default": true
            }
          ],
          "store_path": "/nix/store/zgg57n7h2ksgnzm5aarjs914hh751md4-delta-0.18.2"
        },
        "aarch64-linux": {
          "outputs": [
            {
              "name": "out",
              "path": "/nix/store/piq5mjvn1f8lrj6fh7nx8myykapn3y8l-delta-0.18.2",
              "default": true
            }
          ],
          "store_path": "/nix/store/piq5mjvn1f8lrj6fh7nx8myykapn3y8l-delta-0.18.2"
        },
        "x86_64-darwin": {
          "outputs": [
            {
              "name": "out",
              "path": "/nix/store/cffrsm5js5070rim6s9sf0vdx0kwww60-delta-0.18.2",
              "default": true
            }
          ],
          "store_path": "/nix/store/cffrsm5js5070rim6s9sf0vdx0kwww60-delta-0.18.2"
        },
        "x86_64-linux": {
          "outputs": [
            {
              "name": "out",
              "path": "/nix/store/ag2bxm7k6f5djh8awfg5xb3jqiypf6qz-delta-0.18.2",
              "default": true
            }
          ],
          "store_path": "/nix/store/ag2bxm7k6f5djh8awfg5xb3jqiypf6qz-delta-0.18.2"
        }
      }
    },
    "fzf@latest": {
      "last_modified": "2025-12-31T03:27:36Z",
      "resolved": "github:NixOS/nixpkgs/f665af0cdb70ed27e1bd8f9fdfecaf451260fc55#fzf",
      "source": "devbox-search",
      "version": "0.67.0",
      "systems": {
        "aarch64-darwin": {
          "outputs": [
            {
              "name": "out",
              "path": "/nix/store/2qzpswmq7v8zdq12cbh65r156c77fr1h-fzf-0.67.0",
              "default": true
            },
            {
              "name": "man",
              "path": "/nix/store/jlkbrm0pg71aianml6dszih5ab29hv44-fzf-0.67.0-man",
              "default": true
            }
          ],
          "store_path": "/nix/store/2qzpswmq7v8zdq12cbh65r156c77fr1h-fzf-0.67.0"
        },
        "aarch64-linux": {
          "outputs": [
            {
              "name": "out",
              "path": "/nix/store/3n5pb67fnmagqz47slzxyhvk2dl4x2di-fzf-0.67.0",
              "default": true
            },
            {
              "name": "man",
              "path": "/nix/store/0adh9s8yff51dbsmz2am915gxjzvfbbx-fzf-0.67.0-man",
              "default": true
            }
          ],
          "store_path": "/nix/store/3n5pb67fnmagqz47slzxyhvk2dl4x2di-fzf-0.67.0"
        },
        "x86_64-darwin": {
          "outputs": [
            {
              "name": "out",
              "path": "/nix/store/zh7bq0z62yj2y7i8i7r6v1p8xdqiawxm-fzf-0.67.0",
              "default": true
            },
            {
              "name": "man",
              "path": "/nix/store/y5nznx4gs09sklfj9bczcyba9xm6hh1p-fzf-0.67.0-man",
              "default": true
            }
          ],
          "store_path": "/nix/store/zh7bq0z62yj2y7i8i7r6v1p8xdqiawxm-fzf-0.67.0"
        },
        "x86_64-linux": {
          "outputs": [
            {
              "name": "out",
              "path": "/nix/store/9fa7g1ykblq2xa6hh82nz8yl4p90x0sh-fzf-0.67.0",
              "default": true
            },
            {
              "name": "man",
              "path": "/nix/store/71f3kmdyzgjj9sa2h12h9mfs2akb4c4q-fzf-0.67.0-man",
              "default": true
            }
          ],
          "store_path": "/nix/store/9fa7g1ykblq2xa6hh82nz8yl4p90x0sh-fzf-0.67.0"
        }
      }
    },
    "gh@latest": {
      "last_modified": "2026-01-15T05:51:10Z",
      "resolved": "github:NixOS/nixpkgs/f4606b01b39e09065df37905a2133905246db9ed#gh",
      "source": "devbox-search",
      "version": "2.85.0",
      "systems": {
        "aarch64-darwin": {
          "outputs": [
            {
              "name": "out",
              "path": "/nix/store/scxkdncvr9i5dd900qir993bvg9zlk4i-gh-2.85.0",
              "default": true
            }
          ],
          "store_path": "/nix/store/scxkdncvr9i5dd900qir993bvg9zlk4i-gh-2.85.0"
        },
        "aarch64-linux": {
          "outputs": [
            {
              "name": "out",
              "path": "/nix/store/kdsjr947f0gfd0wp38vhg260kipjh83b-gh-2.85.0",
              "default": true
            }
          ],
          "store_path": "/nix/store/kdsjr947f0gfd0wp38vhg260kipjh83b-gh-2.85.0"
        },
        "x86_64-darwin": {
          "outputs": [
            {
              "name": "out",
              "path": "/nix/store/nvjrrspicb1yzdm5jfbr0qr0xfmbaj09-gh-2.85.0",
              "default": true
            }
          ],
          "store_path": "/nix/store/nvjrrspicb1yzdm5jfbr0qr0xfmbaj09-gh-2.85.0"
        },
        "x86_64-linux": {
          "outputs": [
            {
              "name": "out",
              "path": "/nix/store/8wnv20mbq91xmvns912glg18isiqa61b-gh-2.85.0",
              "default": true
            }
          ],
          "store_path": "/nix/store/8wnv20mbq91xmvns912glg18isiqa61b-gh-2.85.0"
        }
      }
    },
    "github:NixOS/nixpkgs/nixpkgs-unstable": {
      "last_modified": "2026-01-20T02:11:35Z",
      "resolved": "github:NixOS/nixpkgs/ed142ab1b3a092c4d149245d0c4126a5d7ea00b0?lastModified=1768875095&narHash=sha256-dYP3DjiL7oIiiq3H65tGIXXIT1Waiadmv93JS0sS%2B8A%3D"
    },
    "go@latest": {
      "last_modified": "2025-12-31T03:27:36Z",
      "resolved": "github:NixOS/nixpkgs/f665af0cdb70ed27e1bd8f9fdfecaf451260fc55#go",
      "source": "devbox-search",
      "version": "1.25.5",
      "systems": {
        "aarch64-darwin": {
          "outputs": [
            {
              "name": "out",
              "path": "/nix/store/fy2aq0rg6vbiyjfdpqy3429hqsan7iwm-go-1.25.5",
              "default": true
            }
          ],
          "store_path": "/nix/store/fy2aq0rg6vbiyjfdpqy3429hqsan7iwm-go-1.25.5"
        },
        "aarch64-linux": {
          "outputs": [
            {
              "name": "out",
              "path": "/nix/store/30d96229dgrh6n6bmd4hn9r1hcngj9bn-go-1.25.5",
              "default": true
            }
          ],
          "store_path": "/nix/store/30d96229dgrh6n6bmd4hn9r1hcngj9bn-go-1.25.5"
        },
        "x86_64-darwin": {
          "outputs": [
            {
              "name": "out",
              "path": "/nix/store/wzakp2xy6if4n2b4fb1fkdjwilwlpifk-go-1.25.5",
              "default": true
            }
          ],
          "store_path": "/nix/store/wzakp2xy6if4n2b4fb1fkdjwilwlpifk-go-1.25.5"
        },
        "x86_64-linux": {
          "outputs": [
            {
              "name": "out",
              "path": "/nix/store/60z37432vmgkg54krwr1z057bqwp7583-go-1.25.5",
              "default": true
            }
          ],
          "store_path": "/nix/store/60z37432vmgkg54krwr1z057bqwp7583-go-1.25.5"
        }
      }
    },
    "jujutsu@latest": {
      "last_modified": "2026-01-09T13:41:53Z",
      "resolved": "github:NixOS/nixpkgs/5f02c91314c8ba4afe83b256b023756412218535#jujutsu",
      "source": "devbox-search",
      "version": "0.37.0",
      "systems": {
        "aarch64-darwin": {
          "outputs": [
            {
              "name": "out",
              "path": "/nix/store/nb9zq3hg3yi1jm3hv8y9cv4lz1vzphhq-jujutsu-0.37.0",
              "default": true
            }
          ],
          "store_path": "/nix/store/nb9zq3hg3yi1jm3hv8y9cv4lz1vzphhq-jujutsu-0.37.0"
        },
        "aarch64-linux": {
          "outputs": [
            {
              "name": "out",
              "path": "/nix/store/drjbpbi7k1d70znnxbqssd39k83f5n3d-jujutsu-0.37.0",
              "default": true
            }
          ],
          "store_path": "/nix/store/drjbpbi7k1d70znnxbqssd39k83f5n3d-jujutsu-0.37.0"
        },
        "x86_64-darwin": {
          "outputs": [
            {
              "name": "out",
              "path": "/nix/store/pzk1wydq7hphxwv8pkhr36krwi2v148s-jujutsu-0.37.0",
              "default": true
            }
          ],
          "store_path": "/nix/store/pzk1wydq7hphxwv8pkhr36krwi2v148s-jujutsu-0.37.0"
        },
        "x86_64-linux": {
          "outputs": [
            {
              "name": "out",
              "path": "/nix/store/b72n64xbj78y5i665gjc56z52n5h54hp-jujutsu-0.37.0",
              "default": true
            }
          ],
          "store_path": "/nix/store/b72n64xbj78y5i665gjc56z52n5h54hp-jujutsu-0.37.0"
        }
      }
    },
    "keep-sorted@latest": {
      "last_modified": "2025-12-31T03:27:36Z",
      "resolved": "github:NixOS/nixpkgs/f665af0cdb70ed27e1bd8f9fdfecaf451260fc55#keep-sorted",
      "source": "devbox-search",
      "version": "0.7.1",
      "systems": {
        "aarch64-darwin": {
          "outputs": [
            {
              "name": "out",
              "path": "/nix/store/w5dc602aszbv269dkzw8bhy39qdgyvns-keep-sorted-0.7.1",
              "default": true
            }
          ],
          "store_path": "/nix/store/w5dc602aszbv269dkzw8bhy39qdgyvns-keep-sorted-0.7.1"
        },
        "aarch64-linux": {
          "outputs": [
            {
              "name": "out",
              "path": "/nix/store/mg95fbdfmn8i8477bc3ygw4cv19l1qqm-keep-sorted-0.7.1",
              "default": true
            }
          ],
          "store_path": "/nix/store/mg95fbdfmn8i8477bc3ygw4cv19l1qqm-keep-sorted-0.7.1"
        },
        "x86_64-darwin": {
          "outputs": [
            {
              "name": "out",
              "path": "/nix/store/d2gnw20kzhhj238gcrvlgn4kdgh05inr-keep-sorted-0.7.1",
              "default": true
            }
          ],
          "store_path": "/nix/store/d2gnw20kzhhj238gcrvlgn4kdgh05inr-keep-sorted-0.7.1"
        },
        "x86_64-linux": {
          "outputs": [
            {
              "name": "out",
              "path": "/nix/store/w3n12ib1hdz4n08v699gw5z93i3b8jqi-keep-sorted-0.7.1",
              "default": true
            }
          ],
          "store_path": "/nix/store/w3n12ib1hdz4n08v699gw5z93i3b8jqi-keep-sorted-0.7.1"
        }
      }
    },
    "micro@latest": {
      "last_modified": "2025-12-31T03:27:36Z",
      "resolved": "github:NixOS/nixpkgs/f665af0cdb70ed27e1bd8f9fdfecaf451260fc55#micro",
      "source": "devbox-search",
      "version": "2.0.14",
      "systems": {
        "aarch64-darwin": {
          "outputs": [
            {
              "name": "out",
              "path": "/nix/store/k33lflybpv6v7v6qhjbdhw8raphrmxpj-micro-2.0.14",
              "default": true
            },
            {
              "name": "man",
              "path": "/nix/store/7snm1l1nvk5pk74jm8flqf6j6snzwn1z-micro-2.0.14-man",
              "default": true
            }
          ],
          "store_path": "/nix/store/k33lflybpv6v7v6qhjbdhw8raphrmxpj-micro-2.0.14"
        },
        "aarch64-linux": {
          "outputs": [
            {
              "name": "out",
              "path": "/nix/store/a5bm02vcbhrk665wi6jzas5626y12i2c-micro-2.0.14",
              "default": true
            },
            {
              "name": "man",
              "path": "/nix/store/qvih8wcfmjrj9nl500xgnqysyljsm4hm-micro-2.0.14-man",
              "default": true
            }
          ],
          "store_path": "/nix/store/a5bm02vcbhrk665wi6jzas5626y12i2c-micro-2.0.14"
        },
        "x86_64-darwin": {
          "outputs": [
            {
              "name": "out",
              "path": "/nix/store/0w56d3pmmv71l6ln7xzs5ybi0xylq0xh-micro-2.0.14",
              "default": true
            },
            {
              "name": "man",
              "path": "/nix/store/wni3fif53zijgf19nhaxmdx0hfafdla9-micro-2.0.14-man",
              "default": true
            }
          ],
          "store_path": "/nix/store/0w56d3pmmv71l6ln7xzs5ybi0xylq0xh-micro-2.0.14"
        },
        "x86_64-linux": {
          "outputs": [
            {
              "name": "out",
              "path": "/nix/store/g2akpy3kc5drdql0ssv8ld1k2knv46av-micro-2.0.14",
              "default": true
            },
            {
              "name": "man",
              "path": "/nix/store/wbyp1r9c99qjg9rvv9g5qdjk0lmv7gky-micro-2.0.14-man",
              "default": true
            }
          ],
          "store_path": "/nix/store/g2akpy3kc5drdql0ssv8ld1k2knv46av-micro-2.0.14"
        }
      }
    },
    "mosh@latest": {
      "last_modified": "2025-12-31T03:27:36Z",
      "resolved": "github:NixOS/nixpkgs/f665af0cdb70ed27e1bd8f9fdfecaf451260fc55#mosh",
      "source": "devbox-search",
      "version": "1.4.0",
      "systems": {
        "aarch64-darwin": {
          "outputs": [
            {
              "name": "out",
              "path": "/nix/store/83vxaz0bffpgxbcqyf255nc6albix4pd-mosh-1.4.0",
              "default": true
            }
          ],
          "store_path": "/nix/store/83vxaz0bffpgxbcqyf255nc6albix4pd-mosh-1.4.0"
        },
        "aarch64-linux": {
          "outputs": [
            {
              "name": "out",
              "path": "/nix/store/vjbvwmhj4bry08izkrhb721nwkm4ylln-mosh-1.4.0",
              "default": true
            }
          ],
          "store_path": "/nix/store/vjbvwmhj4bry08izkrhb721nwkm4ylln-mosh-1.4.0"
        },
        "x86_64-darwin": {
          "outputs": [
            {
              "name": "out",
              "path": "/nix/store/jg0dcs2s6rxijp7rqica6rz47q91y49n-mosh-1.4.0",
              "default": true
            }
          ],
          "store_path": "/nix/store/jg0dcs2s6rxijp7rqica6rz47q91y49n-mosh-1.4.0"
        },
        "x86_64-linux": {
          "outputs": [
            {
              "name": "out",
              "path": "/nix/store/blpj2slvciys4531ln0mzhsc0dwbcvc3-mosh-1.4.0",
              "default": true
            }
          ],
          "store_path": "/nix/store/blpj2slvciys4531ln0mzhsc0dwbcvc3-mosh-1.4.0"
        }
      }
    },
    "mutagen@latest": {
      "last_modified": "2025-12-31T03:27:36Z",
      "resolved": "github:NixOS/nixpkgs/f665af0cdb70ed27e1bd8f9fdfecaf451260fc55#mutagen",
      "source": "devbox-search",
      "version": "0.18.0",
      "systems": {
        "aarch64-darwin": {
          "outputs": [
            {
              "name": "out",
              "path": "/nix/store/f7hv64qwdh81hvn02blvvj767gjdlacf-mutagen-0.18.0",
              "default": true
            }
          ],
          "store_path": "/nix/store/f7hv64qwdh81hvn02blvvj767gjdlacf-mutagen-0.18.0"
        },
        "aarch64-linux": {
          "outputs": [
            {
              "name": "out",
              "path": "/nix/store/3xyxkhax0z5rlgd6fgnlxmmkxx0ikah2-mutagen-0.18.0",
              "default": true
            }
          ],
          "store_path": "/nix/store/3xyxkhax0z5rlgd6fgnlxmmkxx0ikah2-mutagen-0.18.0"
        },
        "x86_64-darwin": {
          "outputs": [
            {
              "name": "out",
              "path": "/nix/store/81n1xxlwhyf7h1fhz5sqilfr2ksm03df-mutagen-0.18.0",
              "default": true
            }
          ],
          "store_path": "/nix/store/81n1xxlwhyf7h1fhz5sqilfr2ksm03df-mutagen-0.18.0"
        },
        "x86_64-linux": {
          "outputs": [
            {
              "name": "out",
              "path": "/nix/store/237mhz7m5wf3vdahlwig42pgq7aqm4nf-mutagen-0.18.0",
              "default": true
            }
          ],
          "store_path": "/nix/store/237mhz7m5wf3vdahlwig42pgq7aqm4nf-mutagen-0.18.0"
        }
      }
    },
    "pdftk@latest": {
      "last_modified": "2025-12-31T03:27:36Z",
      "resolved": "github:NixOS/nixpkgs/f665af0cdb70ed27e1bd8f9fdfecaf451260fc55#pdftk",
      "source": "devbox-search",
      "version": "3.3.3",
      "systems": {
        "aarch64-darwin": {
          "outputs": [
            {
              "name": "out",
              "path": "/nix/store/k504sx9zxa208xzh2r8w7f0rb1qdc6gg-pdftk-3.3.3",
              "default": true
            }
          ],
          "store_path": "/nix/store/k504sx9zxa208xzh2r8w7f0rb1qdc6gg-pdftk-3.3.3"
        },
        "aarch64-linux": {
          "outputs": [
            {
              "name": "out",
              "path": "/nix/store/jgwgqrffr2yjal0rspd5wslfcvmx07np-pdftk-3.3.3",
              "default": true
            }
          ],
          "store_path": "/nix/store/jgwgqrffr2yjal0rspd5wslfcvmx07np-pdftk-3.3.3"
        },
        "x86_64-darwin": {
          "outputs": [
            {
              "name": "out",
              "path": "/nix/store/fr8jv8r8rmnx55c5jz88iw2gq9dp902m-pdftk-3.3.3",
              "default": true
            }
          ],
          "store_path": "/nix/store/fr8jv8r8rmnx55c5jz88iw2gq9dp902m-pdftk-3.3.3"
        },
        "x86_64-linux": {
          "outputs": [
            {
              "name": "out",
              "path": "/nix/store/rvwf6mixhfs021qw6z16fzx3pk0rzsj6-pdftk-3.3.3",
              "default": true
            }
          ],
          "store_path": "/nix/store/rvwf6mixhfs021qw6z16fzx3pk0rzsj6-pdftk-3.3.3"
        }
      }
    },
    "uv@latest": {
      "last_modified": "2026-01-19T00:39:23Z",
      "resolved": "github:NixOS/nixpkgs/bde09022887110deb780067364a0818e89258968#uv",
      "source": "devbox-search",
      "version": "0.9.26",
      "systems": {
        "aarch64-darwin": {
          "outputs": [
            {
              "name": "out",
              "path": "/nix/store/991jgkc1kpg7w14l8bmc20yyp7hnwamd-uv-0.9.26",
              "default": true
            }
          ],
          "store_path": "/nix/store/991jgkc1kpg7w14l8bmc20yyp7hnwamd-uv-0.9.26"
        },
        "aarch64-linux": {
          "outputs": [
            {
              "name": "out",
              "path": "/nix/store/y35q55agb16ydq6496s01mqmjwrgqgk6-uv-0.9.26",
              "default": true
            }
          ],
          "store_path": "/nix/store/y35q55agb16ydq6496s01mqmjwrgqgk6-uv-0.9.26"
        },
        "x86_64-darwin": {
          "outputs": [
            {
              "name": "out",
              "path": "/nix/store/d4i7k54k1sk7f6wnsq31700j6mfch39q-uv-0.9.26",
              "default": true
            }
          ],
          "store_path": "/nix/store/d4i7k54k1sk7f6wnsq31700j6mfch39q-uv-0.9.26"
        },
        "x86_64-linux": {
          "outputs": [
            {
              "name": "out",
              "path": "/nix/store/arj23552j8w9k5wqhbs1gn2m4pd7skbm-uv-0.9.26",
              "default": true
            }
          ],
          "store_path": "/nix/store/arj23552j8w9k5wqhbs1gn2m4pd7skbm-uv-0.9.26"
        }
      }
    },
    "viddy@latest": {
      "last_modified": "2025-12-31T03:27:36Z",
      "resolved": "github:NixOS/nixpkgs/f665af0cdb70ed27e1bd8f9fdfecaf451260fc55#viddy",
      "source": "devbox-search",
      "version": "1.3.0",
      "systems": {
        "aarch64-darwin": {
          "outputs": [
            {
              "name": "out",
              "path": "/nix/store/6jiq5zylck0k333ldf5yq01n0nbw1ksb-viddy-1.3.0",
              "default": true
            }
          ],
          "store_path": "/nix/store/6jiq5zylck0k333ldf5yq01n0nbw1ksb-viddy-1.3.0"
        },
        "aarch64-linux": {
          "outputs": [
            {
              "name": "out",
              "path": "/nix/store/ciwyqj72v1v1kk5bk61cb56n3789ykd6-viddy-1.3.0",
              "default": true
            }
          ],
          "store_path": "/nix/store/ciwyqj72v1v1kk5bk61cb56n3789ykd6-viddy-1.3.0"
        },
        "x86_64-darwin": {
          "outputs": [
            {
              "name": "out",
              "path": "/nix/store/hr5wickwq920ax24n9wk7prbxv1gmjmj-viddy-1.3.0",
              "default": true
            }
          ],
          "store_path": "/nix/store/hr5wickwq920ax24n9wk7prbxv1gmjmj-viddy-1.3.0"
        },
        "x86_64-linux": {
          "outputs": [
            {
              "name": "out",
              "path": "/nix/store/3rwqmyxr85md7qaqzhirrs6y2jrhfdq5-viddy-1.3.0",
              "default": true
            }
          ],
          "store_path": "/nix/store/3rwqmyxr85md7qaqzhirrs6y2jrhfdq5-viddy-1.3.0"
        }
      }
    },
    "zsh@latest": {
      "last_modified": "2026-01-17T14:47:01Z",
      "resolved": "github:NixOS/nixpkgs/3327b113f2ef698d380df83fbccefad7e83d7769#zsh",
      "source": "devbox-search",
      "version": "5.9",
      "systems": {
        "aarch64-darwin": {
          "outputs": [
            {
              "name": "out",
              "path": "/nix/store/iqfjk6b33yyv7rqqhf7h9r9icihg32yn-zsh-5.9",
              "default": true
            },
            {
              "name": "man",
              "path": "/nix/store/hwnnkrvk56h17jh9fvsvcm6j2vp8h944-zsh-5.9-man",
              "default": true
            },
            {
              "name": "doc",
              "path": "/nix/store/5x7w6mxdr1ijydc57is345i6jf0nh2h3-zsh-5.9-doc"
            },
            {
              "name": "info",
              "path": "/nix/store/g657vgy57zgsm6z5dk6yyzvmwl0m6nb4-zsh-5.9-info"
            }
          ],
          "store_path": "/nix/store/iqfjk6b33yyv7rqqhf7h9r9icihg32yn-zsh-5.9"
        },
        "aarch64-linux": {
          "outputs": [
            {
              "name": "out",
              "path": "/nix/store/p6r530mdva7c5chq58mv1m2aa04scj12-zsh-5.9",
              "default": true
            },
            {
              "name": "man",
              "path": "/nix/store/qrhwwy7wx68gv1ch9cj01i1x5h27a704-zsh-5.9-man",
              "default": true
            },
            {
              "name": "doc",
              "path": "/nix/store/jnaddn0d5wrb1yd9whwzaw21750vwpvk-zsh-5.9-doc"
            },
            {
              "name": "info",
              "path": "/nix/store/7qmcxyr83r7lbcyxz1zfgs0kvjs82z3n-zsh-5.9-info"
            }
          ],
          "store_path": "/nix/store/p6r530mdva7c5chq58mv1m2aa04scj12-zsh-5.9"
        },
        "x86_64-darwin": {
          "outputs": [
            {
              "name": "out",
              "path": "/nix/store/87k85gxajlc4kdm0g8wa7gx5dqhrpxf6-zsh-5.9",
              "default": true
            },
            {
              "name": "man",
              "path": "/nix/store/gf2w17dxgkgky2pr1ndw1pnhgiycnk3v-zsh-5.9-man",
              "default": true
            },
            {
              "name": "doc",
              "path": "/nix/store/fwglpxamf5kkj5fdr4d3gnck1n3r50vl-zsh-5.9-doc"
            },
            {
              "name": "info",
              "path": "/nix/store/pip4n25yz9d2p9lj0ghjhcmynagy5z8h-zsh-5.9-info"
            }
          ],
          "store_path": "/nix/store/87k85gxajlc4kdm0g8wa7gx5dqhrpxf6-zsh-5.9"
        },
        "x86_64-linux": {
          "outputs": [
            {
              "name": "out",
              "path": "/nix/store/309lg0w4dj1nbcr04pwzzkhvisfnmqqn-zsh-5.9",
              "default": true
            },
            {
              "name": "man",
              "path": "/nix/store/aymqki8vdvsq1wzd5q4w40w6bq2zj7qm-zsh-5.9-man",
              "default": true
            },
            {
              "name": "doc",
              "path": "/nix/store/zx9c1is0jxwvn82wf4b50j63bv5wml7a-zsh-5.9-doc"
            },
            {
              "name": "info",
              "path": "/nix/store/r4cjdaflkf3ih59c6hizjjyxbihh4yn3-zsh-5.9-info"
            }
          ],
          "store_path": "/nix/store/309lg0w4dj1nbcr04pwzzkhvisfnmqqn-zsh-5.9"
        }
      }
    }
  }
}
